
Microsoft Visual Studio Solution File, Format Version 12.00
# Visual Studio 2013
VisualStudioVersion = 12.0.30501.0
MinimumVisualStudioVersion = 10.0.40219.1
Project("{8BC9CEB8-8B4A-11D0-8D11-00A0C91BC942}") = "Task1", "Task1\Task1.vcxproj", "{F49D56DA-4348-4603-AF00-BD56E97D8BDB}"
EndProject
Project("{8BC9CEB8-8B4A-11D0-8D11-00A0C91BC942}") = "Task2", "Task2\Task2.vcxproj", "{57061236-AC02-4385-8837-BA570A6699C6}"
EndProject
Project("{8BC9CEB8-8B4A-11D0-8D11-00A0C91BC942}") = "Task3", "Task3\Task3.vcxproj", "{510F558D-C0B4-4930-BE37-20F1A8B71854}"
EndProject
Project("{8BC9CEB8-8B4A-11D0-8D11-00A0C91BC942}") = "Task4", "Task4\Task4.vcxproj", "{814EBE20-9ABC-4799-9894-D2F411DC0E9A}"
EndProject
Project("{8BC9CEB8-8B4A-11D0-8D11-00A0C91BC942}") = "Task5", "Task5\Task5.vcxproj", "{57B521D6-1C1F-448F-B7D6-300E76E647E4}"
EndProject
Project("{8BC9CEB8-8B4A-11D0-8D11-00A0C91BC942}") = "Task6", "Task6\Task6.vcxproj", "{E5EDC22A-1C22-442F-9E70-F225881A4524}"
EndProject
Project("{8BC9CEB8-8B4A-11D0-8D11-00A0C91BC942}") = "Task7", "Task7\Task7.vcxproj", "{E089280B-5956-4A55-92D9-CF86688741C3}"
EndProject
Project("{8BC9CEB8-8B4A-11D0-8D11-00A0C91BC942}") = "Task8", "Task8\Task8.vcxproj", "{BE426B7F-AD6F-4362-9302-B79B44CF72EA}"
EndProject
Project("{8BC9CEB8-8B4A-11D0-8D11-00A0C91BC942}") = "Task9", "Task9\Task9.vcxproj", "{0037E296-EB5A-4AE1-80A8-3859FB2BE4D3}"
EndProject
Project("{8BC9CEB8-8B4A-11D0-8D11-00A0C91BC942}") = "Task10", "Task10\Task10.vcxproj", "{3E860C74-0AE3-405D-9C8A-8E4F78201A24}"
EndProject
Project("{8BC9CEB8-8B4A-11D0-8D11-00A0C91BC942}") = "Task11", "Task11\Task11.vcxproj", "{33FBCEA3-1178-4C08-AB7D-E72A96BC86F1}"
EndProject
Project("{8BC9CEB8-8B4A-11D0-8D11-00A0C91BC942}") = "Task12", "Task12\Task12.vcxproj", "{FD028A6C-CA19-47B3-A2B1-088D0DA412BF}"
EndProject
Project("{8BC9CEB8-8B4A-11D0-8D11-00A0C91BC942}") = "Task13", "Task13\Task13.vcxproj", "{E232E8B3-D47B-4CE8-BF37-7810498E0DF0}"
EndProject
Project("{8BC9CEB8-8B4A-11D0-8D11-00A0C91BC942}") = "Task14", "Task14\Task14.vcxproj", "{449BB41A-393B-4D4F-A9C1-16866B4C56E9}"
EndProject
Project("{8BC9CEB8-8B4A-11D0-8D11-00A0C91BC942}") = "Task15", "Task15\Task15.vcxproj", "{4771914A-2397-4B3E-9DD0-17318649AEC9}"
EndProject
Project("{8BC9CEB8-8B4A-11D0-8D11-00A0C91BC942}") = "Task16", "Task16\Task16.vcxproj", "{70AE76A3-1450-417C-B378-F7384EE57DE9}"
EndProject
Project("{8BC9CEB8-8B4A-11D0-8D11-00A0C91BC942}") = "Task17", "Task17\Task17.vcxproj", "{2DF32AC2-6516-41DE-A995-ECA33D383296}"
EndProject
Project("{8BC9CEB8-8B4A-11D0-8D11-00A0C91BC942}") = "Task18", "Task18\Task18.vcxproj", "{9D53C4B3-8745-4879-AF53-40CFBEFDB1AB}"
EndProject
Project("{8BC9CEB8-8B4A-11D0-8D11-00A0C91BC942}") = "Task19", "Task19\Task19.vcxproj", "{239D5736-B352-47FC-8DE7-500DEE0660D0}"
EndProject
Project("{8BC9CEB8-8B4A-11D0-8D11-00A0C91BC942}") = "Task20", "Task20\Task20.vcxproj", "{F6D83BF2-A5BF-4736-BF73-73BEC1175582}"
EndProject
Project("{8BC9CEB8-8B4A-11D0-8D11-00A0C91BC942}") = "Task21", "Task21\Task21.vcxproj", "{16336F05-1F31-4758-9D95-FBC9D71EF007}"
EndProject
Project("{8BC9CEB8-8B4A-11D0-8D11-00A0C91BC942}") = "Task22", "Task22\Task22.vcxproj", "{7A6C34A9-0D4A-49B9-9087-9C1E90711A14}"
EndProject
Project("{8BC9CEB8-8B4A-11D0-8D11-00A0C91BC942}") = "Task23", "Task23\Task23.vcxproj", "{D8F090C7-BA5B-4739-B6DD-F967D65CF112}"
EndProject
Project("{8BC9CEB8-8B4A-11D0-8D11-00A0C91BC942}") = "Task24", "Task24\Task24.vcxproj", "{2E383C98-0C2C-4B79-8F10-CBAD4924995B}"
EndProject
Project("{8BC9CEB8-8B4A-11D0-8D11-00A0C91BC942}") = "Task25", "Task25\Task25.vcxproj", "{8359EC44-9D29-470E-822F-DEC7468AC4D6}"
EndProject
Project("{8BC9CEB8-8B4A-11D0-8D11-00A0C91BC942}") = "Task26", "Task26\Task26.vcxproj", "{6583C545-163F-4DB2-8082-7E687CF77684}"
EndProject
Project("{8BC9CEB8-8B4A-11D0-8D11-00A0C91BC942}") = "Task27", "Task27\Task27.vcxproj", "{CFA1C2CA-AD99-45F4-8A12-B8A206CD6549}"
EndProject
Project("{8BC9CEB8-8B4A-11D0-8D11-00A0C91BC942}") = "Task28", "Task28\Task28.vcxproj", "{B1224D86-6E7F-48E8-90BE-9DB66B2B392A}"
EndProject
Project("{8BC9CEB8-8B4A-11D0-8D11-00A0C91BC942}") = "Task29", "Task29\Task29.vcxproj", "{A5BB1CAF-EBAC-40C5-B2D5-1AB427C96CCF}"
EndProject
Project("{8BC9CEB8-8B4A-11D0-8D11-00A0C91BC942}") = "Task30", "Task30\Task30.vcxproj", "{24BC1CD1-49B1-4CA6-A11E-D0F818A5FBB9}"
EndProject
Project("{8BC9CEB8-8B4A-11D0-8D11-00A0C91BC942}") = "Task31", "Task31\Task31.vcxproj", "{27956A48-80CB-4FCD-8A02-F67C9DF30EFF}"
EndProject
Project("{8BC9CEB8-8B4A-11D0-8D11-00A0C91BC942}") = "Task32", "Task32\Task32.vcxproj", "{B91C8113-1AF6-4C2F-BDEC-7C81AE083BB6}"
EndProject
Project("{8BC9CEB8-8B4A-11D0-8D11-00A0C91BC942}") = "Task33", "Task33\Task33.vcxproj", "{5203D1E9-C124-46B8-85CB-B3AEFD3ABB8B}"
EndProject
Project("{8BC9CEB8-8B4A-11D0-8D11-00A0C91BC942}") = "Task34", "Task34\Task34.vcxproj", "{6A4E70AC-A5DD-4247-A232-705A869D926A}"
EndProject
Project("{8BC9CEB8-8B4A-11D0-8D11-00A0C91BC942}") = "Task35", "Task35\Task35.vcxproj", "{E5D38F43-38FA-4EF3-BBAF-F24ADE271DB8}"
EndProject
Project("{8BC9CEB8-8B4A-11D0-8D11-00A0C91BC942}") = "Task36", "Task36\Task36.vcxproj", "{3FA91C2D-B5D4-4A6E-9532-A0AD51FE205E}"
EndProject
Project("{8BC9CEB8-8B4A-11D0-8D11-00A0C91BC942}") = "Task37", "Task37\Task37.vcxproj", "{A213BB66-FBF9-4453-BFFF-A6B373AA0958}"
EndProject
Project("{8BC9CEB8-8B4A-11D0-8D11-00A0C91BC942}") = "Task38", "Task38\Task38.vcxproj", "{DD9905E1-3B96-48AB-93DC-6B007F475361}"
EndProject
Project("{8BC9CEB8-8B4A-11D0-8D11-00A0C91BC942}") = "Task39", "Task39\Task39.vcxproj", "{31CFBFFB-9838-46CD-B404-27D0A90268E3}"
EndProject
Project("{8BC9CEB8-8B4A-11D0-8D11-00A0C91BC942}") = "Task40", "Task40\Task40.vcxproj", "{BCA0EA6E-96BD-4562-998C-BA3DA9944D44}"
EndProject
Project("{8BC9CEB8-8B4A-11D0-8D11-00A0C91BC942}") = "Task41", "Task41\Task41.vcxproj", "{2966D893-775F-469B-8544-C79042189C5C}"
EndProject
Project("{8BC9CEB8-8B4A-11D0-8D11-00A0C91BC942}") = "Task42", "Task42\Task42.vcxproj", "{720C103E-D954-4DB4-B921-66CA578A5E9C}"
EndProject
Project("{8BC9CEB8-8B4A-11D0-8D11-00A0C91BC942}") = "Task43", "Task43\Task43.vcxproj", "{4C73C2AB-9144-4E94-B496-0ECA276330AF}"
EndProject
Project("{8BC9CEB8-8B4A-11D0-8D11-00A0C91BC942}") = "Task44", "Task44\Task44.vcxproj", "{AE44C716-E533-4EE7-9F95-A214B9947A25}"
EndProject
Project("{8BC9CEB8-8B4A-11D0-8D11-00A0C91BC942}") = "Task45", "Task45\Task45.vcxproj", "{6EB7FB5C-F021-4BCC-B1ED-34F7BE61D995}"
EndProject
Project("{8BC9CEB8-8B4A-11D0-8D11-00A0C91BC942}") = "Task46", "Task46\Task46.vcxproj", "{C0D1981F-8199-4344-8235-6F4805DB42A8}"
EndProject
Project("{8BC9CEB8-8B4A-11D0-8D11-00A0C91BC942}") = "Task47", "Task47\Task47.vcxproj", "{3A168D24-F988-47CA-9360-D0B7739C1B47}"
EndProject
Project("{8BC9CEB8-8B4A-11D0-8D11-00A0C91BC942}") = "Task48", "Task48\Task48.vcxproj", "{1693BFF3-F6EA-46E1-B2B9-BF8122EFC4A0}"
EndProject
Project("{8BC9CEB8-8B4A-11D0-8D11-00A0C91BC942}") = "Task49", "Task49\Task49.vcxproj", "{B3A3DB0B-5A14-43AF-B750-CEF88DE4BC2F}"
EndProject
Project("{8BC9CEB8-8B4A-11D0-8D11-00A0C91BC942}") = "Task50", "Task50\Task50.vcxproj", "{EE9F4502-6672-48F7-9A4F-43271F3FDF0E}"
EndProject
Project("{8BC9CEB8-8B4A-11D0-8D11-00A0C91BC942}") = "Task51", "Task51\Task51.vcxproj", "{FE86B343-C052-4059-9E3D-A70A362BBA2A}"
EndProject
Project("{8BC9CEB8-8B4A-11D0-8D11-00A0C91BC942}") = "Task52", "Task52\Task52.vcxproj", "{3778F517-29F5-412F-91DF-1D568702A254}"
EndProject
Project("{8BC9CEB8-8B4A-11D0-8D11-00A0C91BC942}") = "Task53", "Task53\Task53.vcxproj", "{15D77471-A7F9-44B6-8DC0-97E674E3289E}"
EndProject
Project("{8BC9CEB8-8B4A-11D0-8D11-00A0C91BC942}") = "Task54", "Task54\Task54.vcxproj", "{4D500B89-1E4F-419D-A6BD-15366A9CC437}"
EndProject
Project("{8BC9CEB8-8B4A-11D0-8D11-00A0C91BC942}") = "Task55", "Task55\Task55.vcxproj", "{3AEC5750-A677-4DE9-9C0F-5C8ADFAC7CE9}"
EndProject
Project("{8BC9CEB8-8B4A-11D0-8D11-00A0C91BC942}") = "Task56", "Task56\Task56.vcxproj", "{D24904E7-3B6D-4BB1-B21E-456517C262DC}"
EndProject
Project("{8BC9CEB8-8B4A-11D0-8D11-00A0C91BC942}") = "Task57", "Task57\Task57.vcxproj", "{FF30329D-1107-4C0A-86C9-5F8A377D4C1B}"
EndProject
Project("{8BC9CEB8-8B4A-11D0-8D11-00A0C91BC942}") = "Task58", "Task58\Task58.vcxproj", "{7ADEBB9E-1903-4281-AFF8-6FE5505D147D}"
EndProject
Project("{8BC9CEB8-8B4A-11D0-8D11-00A0C91BC942}") = "Task59", "Task59\Task59.vcxproj", "{EDCFB99E-279D-44E4-85C6-A1600549E3E2}"
EndProject
Project("{8BC9CEB8-8B4A-11D0-8D11-00A0C91BC942}") = "Task60", "Task60\Task60.vcxproj", "{C6DC0D53-1483-4FEC-80EA-0C22F9A4BCDC}"
EndProject
Project("{8BC9CEB8-8B4A-11D0-8D11-00A0C91BC942}") = "Task61", "Task61\Task61.vcxproj", "{5E51A0FD-FC85-40B7-AA4D-30C3F825C8E5}"
EndProject
Project("{8BC9CEB8-8B4A-11D0-8D11-00A0C91BC942}") = "Task62", "Task62\Task62.vcxproj", "{4724411F-0915-403A-8CB1-B4ECC38398C5}"
EndProject
Project("{8BC9CEB8-8B4A-11D0-8D11-00A0C91BC942}") = "Task63", "Task63\Task63.vcxproj", "{968B1F84-E918-4FD1-AC89-B759613335CD}"
EndProject
Project("{8BC9CEB8-8B4A-11D0-8D11-00A0C91BC942}") = "Task64", "Task64\Task64.vcxproj", "{5E0ACE7E-5046-4DDE-8F53-C7303280FF5D}"
EndProject
Project("{8BC9CEB8-8B4A-11D0-8D11-00A0C91BC942}") = "Task65", "Task65\Task65.vcxproj", "{44ED7DE7-9E6F-423F-BD4B-A5F3E67DE45C}"
EndProject
Project("{8BC9CEB8-8B4A-11D0-8D11-00A0C91BC942}") = "Task66", "Task66\Task66.vcxproj", "{7D81090F-1D63-4190-B12F-6735333F7477}"
EndProject
Project("{8BC9CEB8-8B4A-11D0-8D11-00A0C91BC942}") = "Task67", "Task67\Task67.vcxproj", "{149B5785-2C59-4BBE-B5F2-D4E517D3ED04}"
EndProject
Project("{8BC9CEB8-8B4A-11D0-8D11-00A0C91BC942}") = "Task68", "Task68\Task68.vcxproj", "{0950C185-F489-422D-8466-D07806E58E4B}"
EndProject
Project("{8BC9CEB8-8B4A-11D0-8D11-00A0C91BC942}") = "Task69", "Task69\Task69.vcxproj", "{854BBD2F-3AE0-46D2-AF40-5C3D24A7AAA3}"
EndProject
Project("{8BC9CEB8-8B4A-11D0-8D11-00A0C91BC942}") = "Task70", "Task70\Task70.vcxproj", "{DA11B949-609D-4C6F-A431-5210AA51F535}"
EndProject
Project("{8BC9CEB8-8B4A-11D0-8D11-00A0C91BC942}") = "Task71", "Task71\Task71.vcxproj", "{0747E897-638C-45C9-BAA8-B6D17481AA84}"
EndProject
Project("{8BC9CEB8-8B4A-11D0-8D11-00A0C91BC942}") = "Task72", "Task72\Task72.vcxproj", "{107C228E-74A3-4F75-BD80-9984F0A83770}"
EndProject
Project("{8BC9CEB8-8B4A-11D0-8D11-00A0C91BC942}") = "Task73", "Task73\Task73.vcxproj", "{3AE0C36C-507D-44E2-8987-4AD66287B0F8}"
EndProject
Project("{8BC9CEB8-8B4A-11D0-8D11-00A0C91BC942}") = "Task74", "Task74\Task74.vcxproj", "{09BF2FB6-B4C2-4E7D-9B1E-0CFCA48F0E73}"
EndProject
Project("{8BC9CEB8-8B4A-11D0-8D11-00A0C91BC942}") = "Task75", "Task75\Task75.vcxproj", "{04FD2B7A-EA0F-43B1-BBC7-91E4A5442EFC}"
EndProject
Project("{8BC9CEB8-8B4A-11D0-8D11-00A0C91BC942}") = "Task76", "Task76\Task76.vcxproj", "{486E892F-F10A-47E7-A7F1-304C67CE9252}"
EndProject
Project("{8BC9CEB8-8B4A-11D0-8D11-00A0C91BC942}") = "Task77", "Task77\Task77.vcxproj", "{DA284BD2-4643-4655-8040-C29D3FA6E8B7}"
EndProject
Project("{8BC9CEB8-8B4A-11D0-8D11-00A0C91BC942}") = "Task78", "Task78\Task78.vcxproj", "{AE912422-4990-4156-B08E-5F6DE93FA3E7}"
EndProject
Project("{8BC9CEB8-8B4A-11D0-8D11-00A0C91BC942}") = "Task79", "Task79\Task79.vcxproj", "{B09B4B82-C450-4D68-A861-D2D42EE0FA02}"
EndProject
Project("{8BC9CEB8-8B4A-11D0-8D11-00A0C91BC942}") = "Task80", "Task80\Task80.vcxproj", "{542032F4-1D36-4B06-9C51-DAF588927648}"
EndProject
Project("{8BC9CEB8-8B4A-11D0-8D11-00A0C91BC942}") = "Task81", "Task81\Task81.vcxproj", "{E35561F0-14E1-4CE4-BFBC-718A0502EBD2}"
EndProject
Project("{8BC9CEB8-8B4A-11D0-8D11-00A0C91BC942}") = "Task82", "Task82\Task82.vcxproj", "{CFBCFCEC-4F30-447A-876B-2D4F716B3128}"
EndProject
Project("{8BC9CEB8-8B4A-11D0-8D11-00A0C91BC942}") = "Task83", "Task83\Task83.vcxproj", "{C9844CE7-A89F-4431-8ACD-2676EA2C3FF1}"
EndProject
Project("{8BC9CEB8-8B4A-11D0-8D11-00A0C91BC942}") = "Task84", "Task84\Task84.vcxproj", "{BA6D4426-A085-4868-BE3F-0B8B940FDD75}"
EndProject
Project("{8BC9CEB8-8B4A-11D0-8D11-00A0C91BC942}") = "Task85", "Task85\Task85.vcxproj", "{88F3183F-2636-4699-B36D-47EE4494796B}"
EndProject
Global
	GlobalSection(SolutionConfigurationPlatforms) = preSolution
		Debug|Mixed Platforms = Debug|Mixed Platforms
		Debug|Win32 = Debug|Win32
		Debug|x64 = Debug|x64
		Release|Mixed Platforms = Release|Mixed Platforms
		Release|Win32 = Release|Win32
		Release|x64 = Release|x64
	EndGlobalSection
	GlobalSection(ProjectConfigurationPlatforms) = postSolution
		{F49D56DA-4348-4603-AF00-BD56E97D8BDB}.Debug|Mixed Platforms.ActiveCfg = Debug|Win32
		{F49D56DA-4348-4603-AF00-BD56E97D8BDB}.Debug|Mixed Platforms.Build.0 = Debug|Win32
		{F49D56DA-4348-4603-AF00-BD56E97D8BDB}.Debug|Win32.ActiveCfg = Debug|Win32
		{F49D56DA-4348-4603-AF00-BD56E97D8BDB}.Debug|Win32.Build.0 = Debug|Win32
		{F49D56DA-4348-4603-AF00-BD56E97D8BDB}.Debug|x64.ActiveCfg = Debug|Win32
		{F49D56DA-4348-4603-AF00-BD56E97D8BDB}.Release|Mixed Platforms.ActiveCfg = Release|Win32
		{F49D56DA-4348-4603-AF00-BD56E97D8BDB}.Release|Mixed Platforms.Build.0 = Release|Win32
		{F49D56DA-4348-4603-AF00-BD56E97D8BDB}.Release|Win32.ActiveCfg = Release|Win32
		{F49D56DA-4348-4603-AF00-BD56E97D8BDB}.Release|Win32.Build.0 = Release|Win32
		{F49D56DA-4348-4603-AF00-BD56E97D8BDB}.Release|x64.ActiveCfg = Release|Win32
		{57061236-AC02-4385-8837-BA570A6699C6}.Debug|Mixed Platforms.ActiveCfg = Debug|Win32
		{57061236-AC02-4385-8837-BA570A6699C6}.Debug|Mixed Platforms.Build.0 = Debug|Win32
		{57061236-AC02-4385-8837-BA570A6699C6}.Debug|Win32.ActiveCfg = Debug|Win32
		{57061236-AC02-4385-8837-BA570A6699C6}.Debug|Win32.Build.0 = Debug|Win32
		{57061236-AC02-4385-8837-BA570A6699C6}.Debug|x64.ActiveCfg = Debug|Win32
		{57061236-AC02-4385-8837-BA570A6699C6}.Release|Mixed Platforms.ActiveCfg = Release|Win32
		{57061236-AC02-4385-8837-BA570A6699C6}.Release|Mixed Platforms.Build.0 = Release|Win32
		{57061236-AC02-4385-8837-BA570A6699C6}.Release|Win32.ActiveCfg = Release|Win32
		{57061236-AC02-4385-8837-BA570A6699C6}.Release|Win32.Build.0 = Release|Win32
		{57061236-AC02-4385-8837-BA570A6699C6}.Release|x64.ActiveCfg = Release|Win32
		{510F558D-C0B4-4930-BE37-20F1A8B71854}.Debug|Mixed Platforms.ActiveCfg = Debug|Win32
		{510F558D-C0B4-4930-BE37-20F1A8B71854}.Debug|Mixed Platforms.Build.0 = Debug|Win32
		{510F558D-C0B4-4930-BE37-20F1A8B71854}.Debug|Win32.ActiveCfg = Debug|Win32
		{510F558D-C0B4-4930-BE37-20F1A8B71854}.Debug|Win32.Build.0 = Debug|Win32
		{510F558D-C0B4-4930-BE37-20F1A8B71854}.Debug|x64.ActiveCfg = Debug|x64
		{510F558D-C0B4-4930-BE37-20F1A8B71854}.Release|Mixed Platforms.ActiveCfg = Release|Win32
		{510F558D-C0B4-4930-BE37-20F1A8B71854}.Release|Mixed Platforms.Build.0 = Release|Win32
		{510F558D-C0B4-4930-BE37-20F1A8B71854}.Release|Win32.ActiveCfg = Release|Win32
		{510F558D-C0B4-4930-BE37-20F1A8B71854}.Release|Win32.Build.0 = Release|Win32
		{510F558D-C0B4-4930-BE37-20F1A8B71854}.Release|x64.ActiveCfg = Release|x64
		{814EBE20-9ABC-4799-9894-D2F411DC0E9A}.Debug|Mixed Platforms.ActiveCfg = Debug|Win32
		{814EBE20-9ABC-4799-9894-D2F411DC0E9A}.Debug|Mixed Platforms.Build.0 = Debug|Win32
		{814EBE20-9ABC-4799-9894-D2F411DC0E9A}.Debug|Win32.ActiveCfg = Debug|Win32
		{814EBE20-9ABC-4799-9894-D2F411DC0E9A}.Debug|Win32.Build.0 = Debug|Win32
		{814EBE20-9ABC-4799-9894-D2F411DC0E9A}.Debug|x64.ActiveCfg = Debug|Win32
		{814EBE20-9ABC-4799-9894-D2F411DC0E9A}.Release|Mixed Platforms.ActiveCfg = Release|Win32
		{814EBE20-9ABC-4799-9894-D2F411DC0E9A}.Release|Mixed Platforms.Build.0 = Release|Win32
		{814EBE20-9ABC-4799-9894-D2F411DC0E9A}.Release|Win32.ActiveCfg = Release|Win32
		{814EBE20-9ABC-4799-9894-D2F411DC0E9A}.Release|Win32.Build.0 = Release|Win32
		{814EBE20-9ABC-4799-9894-D2F411DC0E9A}.Release|x64.ActiveCfg = Release|Win32
		{57B521D6-1C1F-448F-B7D6-300E76E647E4}.Debug|Mixed Platforms.ActiveCfg = Debug|Win32
		{57B521D6-1C1F-448F-B7D6-300E76E647E4}.Debug|Mixed Platforms.Build.0 = Debug|Win32
		{57B521D6-1C1F-448F-B7D6-300E76E647E4}.Debug|Win32.ActiveCfg = Debug|Win32
		{57B521D6-1C1F-448F-B7D6-300E76E647E4}.Debug|Win32.Build.0 = Debug|Win32
		{57B521D6-1C1F-448F-B7D6-300E76E647E4}.Debug|x64.ActiveCfg = Debug|Win32
		{57B521D6-1C1F-448F-B7D6-300E76E647E4}.Release|Mixed Platforms.ActiveCfg = Release|Win32
		{57B521D6-1C1F-448F-B7D6-300E76E647E4}.Release|Mixed Platforms.Build.0 = Release|Win32
		{57B521D6-1C1F-448F-B7D6-300E76E647E4}.Release|Win32.ActiveCfg = Release|Win32
		{57B521D6-1C1F-448F-B7D6-300E76E647E4}.Release|Win32.Build.0 = Release|Win32
		{57B521D6-1C1F-448F-B7D6-300E76E647E4}.Release|x64.ActiveCfg = Release|Win32
		{E5EDC22A-1C22-442F-9E70-F225881A4524}.Debug|Mixed Platforms.ActiveCfg = Debug|Win32
		{E5EDC22A-1C22-442F-9E70-F225881A4524}.Debug|Mixed Platforms.Build.0 = Debug|Win32
		{E5EDC22A-1C22-442F-9E70-F225881A4524}.Debug|Win32.ActiveCfg = Debug|Win32
		{E5EDC22A-1C22-442F-9E70-F225881A4524}.Debug|Win32.Build.0 = Debug|Win32
		{E5EDC22A-1C22-442F-9E70-F225881A4524}.Debug|x64.ActiveCfg = Debug|Win32
		{E5EDC22A-1C22-442F-9E70-F225881A4524}.Release|Mixed Platforms.ActiveCfg = Release|Win32
		{E5EDC22A-1C22-442F-9E70-F225881A4524}.Release|Mixed Platforms.Build.0 = Release|Win32
		{E5EDC22A-1C22-442F-9E70-F225881A4524}.Release|Win32.ActiveCfg = Release|Win32
		{E5EDC22A-1C22-442F-9E70-F225881A4524}.Release|Win32.Build.0 = Release|Win32
		{E5EDC22A-1C22-442F-9E70-F225881A4524}.Release|x64.ActiveCfg = Release|Win32
		{E089280B-5956-4A55-92D9-CF86688741C3}.Debug|Mixed Platforms.ActiveCfg = Debug|Win32
		{E089280B-5956-4A55-92D9-CF86688741C3}.Debug|Mixed Platforms.Build.0 = Debug|Win32
		{E089280B-5956-4A55-92D9-CF86688741C3}.Debug|Win32.ActiveCfg = Debug|Win32
		{E089280B-5956-4A55-92D9-CF86688741C3}.Debug|Win32.Build.0 = Debug|Win32
		{E089280B-5956-4A55-92D9-CF86688741C3}.Debug|x64.ActiveCfg = Debug|x64
		{E089280B-5956-4A55-92D9-CF86688741C3}.Release|Mixed Platforms.ActiveCfg = Release|Win32
		{E089280B-5956-4A55-92D9-CF86688741C3}.Release|Mixed Platforms.Build.0 = Release|Win32
		{E089280B-5956-4A55-92D9-CF86688741C3}.Release|Win32.ActiveCfg = Release|Win32
		{E089280B-5956-4A55-92D9-CF86688741C3}.Release|Win32.Build.0 = Release|Win32
		{E089280B-5956-4A55-92D9-CF86688741C3}.Release|x64.ActiveCfg = Release|x64
		{BE426B7F-AD6F-4362-9302-B79B44CF72EA}.Debug|Mixed Platforms.ActiveCfg = Debug|Win32
		{BE426B7F-AD6F-4362-9302-B79B44CF72EA}.Debug|Mixed Platforms.Build.0 = Debug|Win32
		{BE426B7F-AD6F-4362-9302-B79B44CF72EA}.Debug|Win32.ActiveCfg = Debug|Win32
		{BE426B7F-AD6F-4362-9302-B79B44CF72EA}.Debug|Win32.Build.0 = Debug|Win32
		{BE426B7F-AD6F-4362-9302-B79B44CF72EA}.Debug|x64.ActiveCfg = Debug|x64
		{BE426B7F-AD6F-4362-9302-B79B44CF72EA}.Release|Mixed Platforms.ActiveCfg = Release|Win32
		{BE426B7F-AD6F-4362-9302-B79B44CF72EA}.Release|Mixed Platforms.Build.0 = Release|Win32
		{BE426B7F-AD6F-4362-9302-B79B44CF72EA}.Release|Win32.ActiveCfg = Release|Win32
		{BE426B7F-AD6F-4362-9302-B79B44CF72EA}.Release|Win32.Build.0 = Release|Win32
		{BE426B7F-AD6F-4362-9302-B79B44CF72EA}.Release|x64.ActiveCfg = Release|x64
		{0037E296-EB5A-4AE1-80A8-3859FB2BE4D3}.Debug|Mixed Platforms.ActiveCfg = Debug|Win32
		{0037E296-EB5A-4AE1-80A8-3859FB2BE4D3}.Debug|Mixed Platforms.Build.0 = Debug|Win32
		{0037E296-EB5A-4AE1-80A8-3859FB2BE4D3}.Debug|Win32.ActiveCfg = Debug|Win32
		{0037E296-EB5A-4AE1-80A8-3859FB2BE4D3}.Debug|Win32.Build.0 = Debug|Win32
		{0037E296-EB5A-4AE1-80A8-3859FB2BE4D3}.Debug|x64.ActiveCfg = Debug|Win32
		{0037E296-EB5A-4AE1-80A8-3859FB2BE4D3}.Release|Mixed Platforms.ActiveCfg = Release|Win32
		{0037E296-EB5A-4AE1-80A8-3859FB2BE4D3}.Release|Mixed Platforms.Build.0 = Release|Win32
		{0037E296-EB5A-4AE1-80A8-3859FB2BE4D3}.Release|Win32.ActiveCfg = Release|Win32
		{0037E296-EB5A-4AE1-80A8-3859FB2BE4D3}.Release|Win32.Build.0 = Release|Win32
		{0037E296-EB5A-4AE1-80A8-3859FB2BE4D3}.Release|x64.ActiveCfg = Release|Win32
		{3E860C74-0AE3-405D-9C8A-8E4F78201A24}.Debug|Mixed Platforms.ActiveCfg = Debug|Win32
		{3E860C74-0AE3-405D-9C8A-8E4F78201A24}.Debug|Mixed Platforms.Build.0 = Debug|Win32
		{3E860C74-0AE3-405D-9C8A-8E4F78201A24}.Debug|Win32.ActiveCfg = Debug|Win32
		{3E860C74-0AE3-405D-9C8A-8E4F78201A24}.Debug|Win32.Build.0 = Debug|Win32
		{3E860C74-0AE3-405D-9C8A-8E4F78201A24}.Debug|x64.ActiveCfg = Debug|x64
		{3E860C74-0AE3-405D-9C8A-8E4F78201A24}.Release|Mixed Platforms.ActiveCfg = Release|Win32
		{3E860C74-0AE3-405D-9C8A-8E4F78201A24}.Release|Mixed Platforms.Build.0 = Release|Win32
		{3E860C74-0AE3-405D-9C8A-8E4F78201A24}.Release|Win32.ActiveCfg = Release|Win32
		{3E860C74-0AE3-405D-9C8A-8E4F78201A24}.Release|Win32.Build.0 = Release|Win32
		{3E860C74-0AE3-405D-9C8A-8E4F78201A24}.Release|x64.ActiveCfg = Release|x64
		{33FBCEA3-1178-4C08-AB7D-E72A96BC86F1}.Debug|Mixed Platforms.ActiveCfg = Debug|Win32
		{33FBCEA3-1178-4C08-AB7D-E72A96BC86F1}.Debug|Mixed Platforms.Build.0 = Debug|Win32
		{33FBCEA3-1178-4C08-AB7D-E72A96BC86F1}.Debug|Win32.ActiveCfg = Debug|Win32
		{33FBCEA3-1178-4C08-AB7D-E72A96BC86F1}.Debug|Win32.Build.0 = Debug|Win32
		{33FBCEA3-1178-4C08-AB7D-E72A96BC86F1}.Debug|x64.ActiveCfg = Debug|x64
		{33FBCEA3-1178-4C08-AB7D-E72A96BC86F1}.Release|Mixed Platforms.ActiveCfg = Release|Win32
		{33FBCEA3-1178-4C08-AB7D-E72A96BC86F1}.Release|Mixed Platforms.Build.0 = Release|Win32
		{33FBCEA3-1178-4C08-AB7D-E72A96BC86F1}.Release|Win32.ActiveCfg = Release|Win32
		{33FBCEA3-1178-4C08-AB7D-E72A96BC86F1}.Release|Win32.Build.0 = Release|Win32
		{33FBCEA3-1178-4C08-AB7D-E72A96BC86F1}.Release|x64.ActiveCfg = Release|x64
		{FD028A6C-CA19-47B3-A2B1-088D0DA412BF}.Debug|Mixed Platforms.ActiveCfg = Debug|Win32
		{FD028A6C-CA19-47B3-A2B1-088D0DA412BF}.Debug|Mixed Platforms.Build.0 = Debug|Win32
		{FD028A6C-CA19-47B3-A2B1-088D0DA412BF}.Debug|Win32.ActiveCfg = Debug|Win32
		{FD028A6C-CA19-47B3-A2B1-088D0DA412BF}.Debug|Win32.Build.0 = Debug|Win32
		{FD028A6C-CA19-47B3-A2B1-088D0DA412BF}.Debug|x64.ActiveCfg = Debug|x64
		{FD028A6C-CA19-47B3-A2B1-088D0DA412BF}.Release|Mixed Platforms.ActiveCfg = Release|Win32
		{FD028A6C-CA19-47B3-A2B1-088D0DA412BF}.Release|Mixed Platforms.Build.0 = Release|Win32
		{FD028A6C-CA19-47B3-A2B1-088D0DA412BF}.Release|Win32.ActiveCfg = Release|Win32
		{FD028A6C-CA19-47B3-A2B1-088D0DA412BF}.Release|Win32.Build.0 = Release|Win32
		{FD028A6C-CA19-47B3-A2B1-088D0DA412BF}.Release|x64.ActiveCfg = Release|x64
		{E232E8B3-D47B-4CE8-BF37-7810498E0DF0}.Debug|Mixed Platforms.ActiveCfg = Debug|Win32
		{E232E8B3-D47B-4CE8-BF37-7810498E0DF0}.Debug|Mixed Platforms.Build.0 = Debug|Win32
		{E232E8B3-D47B-4CE8-BF37-7810498E0DF0}.Debug|Win32.ActiveCfg = Debug|Win32
		{E232E8B3-D47B-4CE8-BF37-7810498E0DF0}.Debug|Win32.Build.0 = Debug|Win32
		{E232E8B3-D47B-4CE8-BF37-7810498E0DF0}.Debug|x64.ActiveCfg = Debug|Win32
		{E232E8B3-D47B-4CE8-BF37-7810498E0DF0}.Release|Mixed Platforms.ActiveCfg = Release|Win32
		{E232E8B3-D47B-4CE8-BF37-7810498E0DF0}.Release|Mixed Platforms.Build.0 = Release|Win32
		{E232E8B3-D47B-4CE8-BF37-7810498E0DF0}.Release|Win32.ActiveCfg = Release|Win32
		{E232E8B3-D47B-4CE8-BF37-7810498E0DF0}.Release|Win32.Build.0 = Release|Win32
		{E232E8B3-D47B-4CE8-BF37-7810498E0DF0}.Release|x64.ActiveCfg = Release|Win32
		{449BB41A-393B-4D4F-A9C1-16866B4C56E9}.Debug|Mixed Platforms.ActiveCfg = Debug|Win32
		{449BB41A-393B-4D4F-A9C1-16866B4C56E9}.Debug|Mixed Platforms.Build.0 = Debug|Win32
		{449BB41A-393B-4D4F-A9C1-16866B4C56E9}.Debug|Win32.ActiveCfg = Debug|Win32
		{449BB41A-393B-4D4F-A9C1-16866B4C56E9}.Debug|Win32.Build.0 = Debug|Win32
		{449BB41A-393B-4D4F-A9C1-16866B4C56E9}.Debug|x64.ActiveCfg = Debug|Win32
		{449BB41A-393B-4D4F-A9C1-16866B4C56E9}.Release|Mixed Platforms.ActiveCfg = Release|Win32
		{449BB41A-393B-4D4F-A9C1-16866B4C56E9}.Release|Mixed Platforms.Build.0 = Release|Win32
		{449BB41A-393B-4D4F-A9C1-16866B4C56E9}.Release|Win32.ActiveCfg = Release|Win32
		{449BB41A-393B-4D4F-A9C1-16866B4C56E9}.Release|Win32.Build.0 = Release|Win32
		{449BB41A-393B-4D4F-A9C1-16866B4C56E9}.Release|x64.ActiveCfg = Release|Win32
		{4771914A-2397-4B3E-9DD0-17318649AEC9}.Debug|Mixed Platforms.ActiveCfg = Debug|Win32
		{4771914A-2397-4B3E-9DD0-17318649AEC9}.Debug|Mixed Platforms.Build.0 = Debug|Win32
		{4771914A-2397-4B3E-9DD0-17318649AEC9}.Debug|Win32.ActiveCfg = Debug|Win32
		{4771914A-2397-4B3E-9DD0-17318649AEC9}.Debug|Win32.Build.0 = Debug|Win32
		{4771914A-2397-4B3E-9DD0-17318649AEC9}.Debug|x64.ActiveCfg = Debug|x64
		{4771914A-2397-4B3E-9DD0-17318649AEC9}.Release|Mixed Platforms.ActiveCfg = Release|Win32
		{4771914A-2397-4B3E-9DD0-17318649AEC9}.Release|Mixed Platforms.Build.0 = Release|Win32
		{4771914A-2397-4B3E-9DD0-17318649AEC9}.Release|Win32.ActiveCfg = Release|Win32
		{4771914A-2397-4B3E-9DD0-17318649AEC9}.Release|Win32.Build.0 = Release|Win32
		{4771914A-2397-4B3E-9DD0-17318649AEC9}.Release|x64.ActiveCfg = Release|x64
		{70AE76A3-1450-417C-B378-F7384EE57DE9}.Debug|Mixed Platforms.ActiveCfg = Debug|Win32
		{70AE76A3-1450-417C-B378-F7384EE57DE9}.Debug|Mixed Platforms.Build.0 = Debug|Win32
		{70AE76A3-1450-417C-B378-F7384EE57DE9}.Debug|Win32.ActiveCfg = Debug|Win32
		{70AE76A3-1450-417C-B378-F7384EE57DE9}.Debug|Win32.Build.0 = Debug|Win32
		{70AE76A3-1450-417C-B378-F7384EE57DE9}.Debug|x64.ActiveCfg = Debug|Win32
		{70AE76A3-1450-417C-B378-F7384EE57DE9}.Release|Mixed Platforms.ActiveCfg = Release|Win32
		{70AE76A3-1450-417C-B378-F7384EE57DE9}.Release|Mixed Platforms.Build.0 = Release|Win32
		{70AE76A3-1450-417C-B378-F7384EE57DE9}.Release|Win32.ActiveCfg = Release|Win32
		{70AE76A3-1450-417C-B378-F7384EE57DE9}.Release|Win32.Build.0 = Release|Win32
		{70AE76A3-1450-417C-B378-F7384EE57DE9}.Release|x64.ActiveCfg = Release|Win32
		{2DF32AC2-6516-41DE-A995-ECA33D383296}.Debug|Mixed Platforms.ActiveCfg = Debug|Win32
		{2DF32AC2-6516-41DE-A995-ECA33D383296}.Debug|Mixed Platforms.Build.0 = Debug|Win32
		{2DF32AC2-6516-41DE-A995-ECA33D383296}.Debug|Win32.ActiveCfg = Debug|Win32
		{2DF32AC2-6516-41DE-A995-ECA33D383296}.Debug|Win32.Build.0 = Debug|Win32
		{2DF32AC2-6516-41DE-A995-ECA33D383296}.Debug|x64.ActiveCfg = Debug|Win32
		{2DF32AC2-6516-41DE-A995-ECA33D383296}.Release|Mixed Platforms.ActiveCfg = Release|Win32
		{2DF32AC2-6516-41DE-A995-ECA33D383296}.Release|Mixed Platforms.Build.0 = Release|Win32
		{2DF32AC2-6516-41DE-A995-ECA33D383296}.Release|Win32.ActiveCfg = Release|Win32
		{2DF32AC2-6516-41DE-A995-ECA33D383296}.Release|Win32.Build.0 = Release|Win32
		{2DF32AC2-6516-41DE-A995-ECA33D383296}.Release|x64.ActiveCfg = Release|Win32
		{9D53C4B3-8745-4879-AF53-40CFBEFDB1AB}.Debug|Mixed Platforms.ActiveCfg = Debug|Win32
		{9D53C4B3-8745-4879-AF53-40CFBEFDB1AB}.Debug|Mixed Platforms.Build.0 = Debug|Win32
		{9D53C4B3-8745-4879-AF53-40CFBEFDB1AB}.Debug|Win32.ActiveCfg = Debug|Win32
		{9D53C4B3-8745-4879-AF53-40CFBEFDB1AB}.Debug|Win32.Build.0 = Debug|Win32
		{9D53C4B3-8745-4879-AF53-40CFBEFDB1AB}.Debug|x64.ActiveCfg = Debug|Win32
		{9D53C4B3-8745-4879-AF53-40CFBEFDB1AB}.Release|Mixed Platforms.ActiveCfg = Release|Win32
		{9D53C4B3-8745-4879-AF53-40CFBEFDB1AB}.Release|Mixed Platforms.Build.0 = Release|Win32
		{9D53C4B3-8745-4879-AF53-40CFBEFDB1AB}.Release|Win32.ActiveCfg = Release|Win32
		{9D53C4B3-8745-4879-AF53-40CFBEFDB1AB}.Release|Win32.Build.0 = Release|Win32
		{9D53C4B3-8745-4879-AF53-40CFBEFDB1AB}.Release|x64.ActiveCfg = Release|Win32
		{239D5736-B352-47FC-8DE7-500DEE0660D0}.Debug|Mixed Platforms.ActiveCfg = Debug|Win32
		{239D5736-B352-47FC-8DE7-500DEE0660D0}.Debug|Mixed Platforms.Build.0 = Debug|Win32
		{239D5736-B352-47FC-8DE7-500DEE0660D0}.Debug|Win32.ActiveCfg = Debug|Win32
		{239D5736-B352-47FC-8DE7-500DEE0660D0}.Debug|Win32.Build.0 = Debug|Win32
		{239D5736-B352-47FC-8DE7-500DEE0660D0}.Debug|x64.ActiveCfg = Debug|Win32
		{239D5736-B352-47FC-8DE7-500DEE0660D0}.Release|Mixed Platforms.ActiveCfg = Release|Win32
		{239D5736-B352-47FC-8DE7-500DEE0660D0}.Release|Mixed Platforms.Build.0 = Release|Win32
		{239D5736-B352-47FC-8DE7-500DEE0660D0}.Release|Win32.ActiveCfg = Release|Win32
		{239D5736-B352-47FC-8DE7-500DEE0660D0}.Release|Win32.Build.0 = Release|Win32
		{239D5736-B352-47FC-8DE7-500DEE0660D0}.Release|x64.ActiveCfg = Release|Win32
		{F6D83BF2-A5BF-4736-BF73-73BEC1175582}.Debug|Mixed Platforms.ActiveCfg = Debug|Win32
		{F6D83BF2-A5BF-4736-BF73-73BEC1175582}.Debug|Mixed Platforms.Build.0 = Debug|Win32
		{F6D83BF2-A5BF-4736-BF73-73BEC1175582}.Debug|Win32.ActiveCfg = Debug|Win32
		{F6D83BF2-A5BF-4736-BF73-73BEC1175582}.Debug|Win32.Build.0 = Debug|Win32
		{F6D83BF2-A5BF-4736-BF73-73BEC1175582}.Debug|x64.ActiveCfg = Debug|Win32
		{F6D83BF2-A5BF-4736-BF73-73BEC1175582}.Release|Mixed Platforms.ActiveCfg = Release|Win32
		{F6D83BF2-A5BF-4736-BF73-73BEC1175582}.Release|Mixed Platforms.Build.0 = Release|Win32
		{F6D83BF2-A5BF-4736-BF73-73BEC1175582}.Release|Win32.ActiveCfg = Release|Win32
		{F6D83BF2-A5BF-4736-BF73-73BEC1175582}.Release|Win32.Build.0 = Release|Win32
		{F6D83BF2-A5BF-4736-BF73-73BEC1175582}.Release|x64.ActiveCfg = Release|Win32
		{16336F05-1F31-4758-9D95-FBC9D71EF007}.Debug|Mixed Platforms.ActiveCfg = Debug|Win32
		{16336F05-1F31-4758-9D95-FBC9D71EF007}.Debug|Mixed Platforms.Build.0 = Debug|Win32
		{16336F05-1F31-4758-9D95-FBC9D71EF007}.Debug|Win32.ActiveCfg = Debug|Win32
		{16336F05-1F31-4758-9D95-FBC9D71EF007}.Debug|Win32.Build.0 = Debug|Win32
		{16336F05-1F31-4758-9D95-FBC9D71EF007}.Debug|x64.ActiveCfg = Debug|Win32
		{16336F05-1F31-4758-9D95-FBC9D71EF007}.Release|Mixed Platforms.ActiveCfg = Release|Win32
		{16336F05-1F31-4758-9D95-FBC9D71EF007}.Release|Mixed Platforms.Build.0 = Release|Win32
		{16336F05-1F31-4758-9D95-FBC9D71EF007}.Release|Win32.ActiveCfg = Release|Win32
		{16336F05-1F31-4758-9D95-FBC9D71EF007}.Release|Win32.Build.0 = Release|Win32
		{16336F05-1F31-4758-9D95-FBC9D71EF007}.Release|x64.ActiveCfg = Release|Win32
		{7A6C34A9-0D4A-49B9-9087-9C1E90711A14}.Debug|Mixed Platforms.ActiveCfg = Debug|Win32
		{7A6C34A9-0D4A-49B9-9087-9C1E90711A14}.Debug|Mixed Platforms.Build.0 = Debug|Win32
		{7A6C34A9-0D4A-49B9-9087-9C1E90711A14}.Debug|Win32.ActiveCfg = Debug|Win32
		{7A6C34A9-0D4A-49B9-9087-9C1E90711A14}.Debug|Win32.Build.0 = Debug|Win32
		{7A6C34A9-0D4A-49B9-9087-9C1E90711A14}.Debug|x64.ActiveCfg = Debug|x64
		{7A6C34A9-0D4A-49B9-9087-9C1E90711A14}.Release|Mixed Platforms.ActiveCfg = Release|Win32
		{7A6C34A9-0D4A-49B9-9087-9C1E90711A14}.Release|Mixed Platforms.Build.0 = Release|Win32
		{7A6C34A9-0D4A-49B9-9087-9C1E90711A14}.Release|Win32.ActiveCfg = Release|Win32
		{7A6C34A9-0D4A-49B9-9087-9C1E90711A14}.Release|Win32.Build.0 = Release|Win32
		{7A6C34A9-0D4A-49B9-9087-9C1E90711A14}.Release|x64.ActiveCfg = Release|x64
		{D8F090C7-BA5B-4739-B6DD-F967D65CF112}.Debug|Mixed Platforms.ActiveCfg = Debug|Win32
		{D8F090C7-BA5B-4739-B6DD-F967D65CF112}.Debug|Mixed Platforms.Build.0 = Debug|Win32
		{D8F090C7-BA5B-4739-B6DD-F967D65CF112}.Debug|Win32.ActiveCfg = Debug|Win32
		{D8F090C7-BA5B-4739-B6DD-F967D65CF112}.Debug|Win32.Build.0 = Debug|Win32
		{D8F090C7-BA5B-4739-B6DD-F967D65CF112}.Debug|x64.ActiveCfg = Debug|Win32
		{D8F090C7-BA5B-4739-B6DD-F967D65CF112}.Release|Mixed Platforms.ActiveCfg = Release|Win32
		{D8F090C7-BA5B-4739-B6DD-F967D65CF112}.Release|Mixed Platforms.Build.0 = Release|Win32
		{D8F090C7-BA5B-4739-B6DD-F967D65CF112}.Release|Win32.ActiveCfg = Release|Win32
		{D8F090C7-BA5B-4739-B6DD-F967D65CF112}.Release|Win32.Build.0 = Release|Win32
		{D8F090C7-BA5B-4739-B6DD-F967D65CF112}.Release|x64.ActiveCfg = Release|Win32
		{2E383C98-0C2C-4B79-8F10-CBAD4924995B}.Debug|Mixed Platforms.ActiveCfg = Debug|Win32
		{2E383C98-0C2C-4B79-8F10-CBAD4924995B}.Debug|Mixed Platforms.Build.0 = Debug|Win32
		{2E383C98-0C2C-4B79-8F10-CBAD4924995B}.Debug|Win32.ActiveCfg = Debug|Win32
		{2E383C98-0C2C-4B79-8F10-CBAD4924995B}.Debug|Win32.Build.0 = Debug|Win32
		{2E383C98-0C2C-4B79-8F10-CBAD4924995B}.Debug|x64.ActiveCfg = Debug|x64
		{2E383C98-0C2C-4B79-8F10-CBAD4924995B}.Release|Mixed Platforms.ActiveCfg = Release|Win32
		{2E383C98-0C2C-4B79-8F10-CBAD4924995B}.Release|Mixed Platforms.Build.0 = Release|Win32
		{2E383C98-0C2C-4B79-8F10-CBAD4924995B}.Release|Win32.ActiveCfg = Release|Win32
		{2E383C98-0C2C-4B79-8F10-CBAD4924995B}.Release|Win32.Build.0 = Release|Win32
		{2E383C98-0C2C-4B79-8F10-CBAD4924995B}.Release|x64.ActiveCfg = Release|x64
		{8359EC44-9D29-470E-822F-DEC7468AC4D6}.Debug|Mixed Platforms.ActiveCfg = Debug|Win32
		{8359EC44-9D29-470E-822F-DEC7468AC4D6}.Debug|Mixed Platforms.Build.0 = Debug|Win32
		{8359EC44-9D29-470E-822F-DEC7468AC4D6}.Debug|Win32.ActiveCfg = Debug|Win32
		{8359EC44-9D29-470E-822F-DEC7468AC4D6}.Debug|Win32.Build.0 = Debug|Win32
		{8359EC44-9D29-470E-822F-DEC7468AC4D6}.Debug|x64.ActiveCfg = Debug|Win32
		{8359EC44-9D29-470E-822F-DEC7468AC4D6}.Release|Mixed Platforms.ActiveCfg = Release|Win32
		{8359EC44-9D29-470E-822F-DEC7468AC4D6}.Release|Mixed Platforms.Build.0 = Release|Win32
		{8359EC44-9D29-470E-822F-DEC7468AC4D6}.Release|Win32.ActiveCfg = Release|Win32
		{8359EC44-9D29-470E-822F-DEC7468AC4D6}.Release|Win32.Build.0 = Release|Win32
		{8359EC44-9D29-470E-822F-DEC7468AC4D6}.Release|x64.ActiveCfg = Release|Win32
		{6583C545-163F-4DB2-8082-7E687CF77684}.Debug|Mixed Platforms.ActiveCfg = Debug|Win32
		{6583C545-163F-4DB2-8082-7E687CF77684}.Debug|Mixed Platforms.Build.0 = Debug|Win32
		{6583C545-163F-4DB2-8082-7E687CF77684}.Debug|Win32.ActiveCfg = Debug|Win32
		{6583C545-163F-4DB2-8082-7E687CF77684}.Debug|Win32.Build.0 = Debug|Win32
		{6583C545-163F-4DB2-8082-7E687CF77684}.Debug|x64.ActiveCfg = Debug|Win32
		{6583C545-163F-4DB2-8082-7E687CF77684}.Release|Mixed Platforms.ActiveCfg = Release|Win32
		{6583C545-163F-4DB2-8082-7E687CF77684}.Release|Mixed Platforms.Build.0 = Release|Win32
		{6583C545-163F-4DB2-8082-7E687CF77684}.Release|Win32.ActiveCfg = Release|Win32
		{6583C545-163F-4DB2-8082-7E687CF77684}.Release|Win32.Build.0 = Release|Win32
		{6583C545-163F-4DB2-8082-7E687CF77684}.Release|x64.ActiveCfg = Release|Win32
		{CFA1C2CA-AD99-45F4-8A12-B8A206CD6549}.Debug|Mixed Platforms.ActiveCfg = Debug|Win32
		{CFA1C2CA-AD99-45F4-8A12-B8A206CD6549}.Debug|Mixed Platforms.Build.0 = Debug|Win32
		{CFA1C2CA-AD99-45F4-8A12-B8A206CD6549}.Debug|Win32.ActiveCfg = Debug|Win32
		{CFA1C2CA-AD99-45F4-8A12-B8A206CD6549}.Debug|Win32.Build.0 = Debug|Win32
		{CFA1C2CA-AD99-45F4-8A12-B8A206CD6549}.Debug|x64.ActiveCfg = Debug|Win32
		{CFA1C2CA-AD99-45F4-8A12-B8A206CD6549}.Release|Mixed Platforms.ActiveCfg = Release|Win32
		{CFA1C2CA-AD99-45F4-8A12-B8A206CD6549}.Release|Mixed Platforms.Build.0 = Release|Win32
		{CFA1C2CA-AD99-45F4-8A12-B8A206CD6549}.Release|Win32.ActiveCfg = Release|Win32
		{CFA1C2CA-AD99-45F4-8A12-B8A206CD6549}.Release|Win32.Build.0 = Release|Win32
		{CFA1C2CA-AD99-45F4-8A12-B8A206CD6549}.Release|x64.ActiveCfg = Release|Win32
		{B1224D86-6E7F-48E8-90BE-9DB66B2B392A}.Debug|Mixed Platforms.ActiveCfg = Debug|Win32
		{B1224D86-6E7F-48E8-90BE-9DB66B2B392A}.Debug|Mixed Platforms.Build.0 = Debug|Win32
		{B1224D86-6E7F-48E8-90BE-9DB66B2B392A}.Debug|Win32.ActiveCfg = Debug|Win32
		{B1224D86-6E7F-48E8-90BE-9DB66B2B392A}.Debug|Win32.Build.0 = Debug|Win32
		{B1224D86-6E7F-48E8-90BE-9DB66B2B392A}.Debug|x64.ActiveCfg = Debug|x64
		{B1224D86-6E7F-48E8-90BE-9DB66B2B392A}.Release|Mixed Platforms.ActiveCfg = Release|Win32
		{B1224D86-6E7F-48E8-90BE-9DB66B2B392A}.Release|Mixed Platforms.Build.0 = Release|Win32
		{B1224D86-6E7F-48E8-90BE-9DB66B2B392A}.Release|Win32.ActiveCfg = Release|Win32
		{B1224D86-6E7F-48E8-90BE-9DB66B2B392A}.Release|Win32.Build.0 = Release|Win32
		{B1224D86-6E7F-48E8-90BE-9DB66B2B392A}.Release|x64.ActiveCfg = Release|x64
		{A5BB1CAF-EBAC-40C5-B2D5-1AB427C96CCF}.Debug|Mixed Platforms.ActiveCfg = Debug|Win32
		{A5BB1CAF-EBAC-40C5-B2D5-1AB427C96CCF}.Debug|Mixed Platforms.Build.0 = Debug|Win32
		{A5BB1CAF-EBAC-40C5-B2D5-1AB427C96CCF}.Debug|Win32.ActiveCfg = Debug|Win32
		{A5BB1CAF-EBAC-40C5-B2D5-1AB427C96CCF}.Debug|Win32.Build.0 = Debug|Win32
		{A5BB1CAF-EBAC-40C5-B2D5-1AB427C96CCF}.Debug|x64.ActiveCfg = Debug|x64
		{A5BB1CAF-EBAC-40C5-B2D5-1AB427C96CCF}.Release|Mixed Platforms.ActiveCfg = Release|Win32
		{A5BB1CAF-EBAC-40C5-B2D5-1AB427C96CCF}.Release|Mixed Platforms.Build.0 = Release|Win32
		{A5BB1CAF-EBAC-40C5-B2D5-1AB427C96CCF}.Release|Win32.ActiveCfg = Release|Win32
		{A5BB1CAF-EBAC-40C5-B2D5-1AB427C96CCF}.Release|Win32.Build.0 = Release|Win32
		{A5BB1CAF-EBAC-40C5-B2D5-1AB427C96CCF}.Release|x64.ActiveCfg = Release|x64
		{24BC1CD1-49B1-4CA6-A11E-D0F818A5FBB9}.Debug|Mixed Platforms.ActiveCfg = Debug|Win32
		{24BC1CD1-49B1-4CA6-A11E-D0F818A5FBB9}.Debug|Mixed Platforms.Build.0 = Debug|Win32
		{24BC1CD1-49B1-4CA6-A11E-D0F818A5FBB9}.Debug|Win32.ActiveCfg = Debug|Win32
		{24BC1CD1-49B1-4CA6-A11E-D0F818A5FBB9}.Debug|Win32.Build.0 = Debug|Win32
		{24BC1CD1-49B1-4CA6-A11E-D0F818A5FBB9}.Debug|x64.ActiveCfg = Debug|Win32
		{24BC1CD1-49B1-4CA6-A11E-D0F818A5FBB9}.Release|Mixed Platforms.ActiveCfg = Release|Win32
		{24BC1CD1-49B1-4CA6-A11E-D0F818A5FBB9}.Release|Mixed Platforms.Build.0 = Release|Win32
		{24BC1CD1-49B1-4CA6-A11E-D0F818A5FBB9}.Release|Win32.ActiveCfg = Release|Win32
		{24BC1CD1-49B1-4CA6-A11E-D0F818A5FBB9}.Release|Win32.Build.0 = Release|Win32
		{24BC1CD1-49B1-4CA6-A11E-D0F818A5FBB9}.Release|x64.ActiveCfg = Release|Win32
		{27956A48-80CB-4FCD-8A02-F67C9DF30EFF}.Debug|Mixed Platforms.ActiveCfg = Debug|Win32
		{27956A48-80CB-4FCD-8A02-F67C9DF30EFF}.Debug|Mixed Platforms.Build.0 = Debug|Win32
		{27956A48-80CB-4FCD-8A02-F67C9DF30EFF}.Debug|Win32.ActiveCfg = Debug|Win32
		{27956A48-80CB-4FCD-8A02-F67C9DF30EFF}.Debug|Win32.Build.0 = Debug|Win32
		{27956A48-80CB-4FCD-8A02-F67C9DF30EFF}.Debug|x64.ActiveCfg = Debug|Win32
		{27956A48-80CB-4FCD-8A02-F67C9DF30EFF}.Release|Mixed Platforms.ActiveCfg = Release|Win32
		{27956A48-80CB-4FCD-8A02-F67C9DF30EFF}.Release|Mixed Platforms.Build.0 = Release|Win32
		{27956A48-80CB-4FCD-8A02-F67C9DF30EFF}.Release|Win32.ActiveCfg = Release|Win32
		{27956A48-80CB-4FCD-8A02-F67C9DF30EFF}.Release|Win32.Build.0 = Release|Win32
		{27956A48-80CB-4FCD-8A02-F67C9DF30EFF}.Release|x64.ActiveCfg = Release|Win32
		{B91C8113-1AF6-4C2F-BDEC-7C81AE083BB6}.Debug|Mixed Platforms.ActiveCfg = Debug|Win32
		{B91C8113-1AF6-4C2F-BDEC-7C81AE083BB6}.Debug|Mixed Platforms.Build.0 = Debug|Win32
		{B91C8113-1AF6-4C2F-BDEC-7C81AE083BB6}.Debug|Win32.ActiveCfg = Debug|Win32
		{B91C8113-1AF6-4C2F-BDEC-7C81AE083BB6}.Debug|Win32.Build.0 = Debug|Win32
		{B91C8113-1AF6-4C2F-BDEC-7C81AE083BB6}.Debug|x64.ActiveCfg = Debug|x64
		{B91C8113-1AF6-4C2F-BDEC-7C81AE083BB6}.Release|Mixed Platforms.ActiveCfg = Release|Win32
		{B91C8113-1AF6-4C2F-BDEC-7C81AE083BB6}.Release|Mixed Platforms.Build.0 = Release|Win32
		{B91C8113-1AF6-4C2F-BDEC-7C81AE083BB6}.Release|Win32.ActiveCfg = Release|Win32
		{B91C8113-1AF6-4C2F-BDEC-7C81AE083BB6}.Release|Win32.Build.0 = Release|Win32
		{B91C8113-1AF6-4C2F-BDEC-7C81AE083BB6}.Release|x64.ActiveCfg = Release|x64
		{5203D1E9-C124-46B8-85CB-B3AEFD3ABB8B}.Debug|Mixed Platforms.ActiveCfg = Debug|Win32
		{5203D1E9-C124-46B8-85CB-B3AEFD3ABB8B}.Debug|Mixed Platforms.Build.0 = Debug|Win32
		{5203D1E9-C124-46B8-85CB-B3AEFD3ABB8B}.Debug|Win32.ActiveCfg = Debug|Win32
		{5203D1E9-C124-46B8-85CB-B3AEFD3ABB8B}.Debug|Win32.Build.0 = Debug|Win32
		{5203D1E9-C124-46B8-85CB-B3AEFD3ABB8B}.Debug|x64.ActiveCfg = Debug|Win32
		{5203D1E9-C124-46B8-85CB-B3AEFD3ABB8B}.Release|Mixed Platforms.ActiveCfg = Release|Win32
		{5203D1E9-C124-46B8-85CB-B3AEFD3ABB8B}.Release|Mixed Platforms.Build.0 = Release|Win32
		{5203D1E9-C124-46B8-85CB-B3AEFD3ABB8B}.Release|Win32.ActiveCfg = Release|Win32
		{5203D1E9-C124-46B8-85CB-B3AEFD3ABB8B}.Release|Win32.Build.0 = Release|Win32
		{5203D1E9-C124-46B8-85CB-B3AEFD3ABB8B}.Release|x64.ActiveCfg = Release|Win32
		{6A4E70AC-A5DD-4247-A232-705A869D926A}.Debug|Mixed Platforms.ActiveCfg = Debug|Win32
		{6A4E70AC-A5DD-4247-A232-705A869D926A}.Debug|Mixed Platforms.Build.0 = Debug|Win32
		{6A4E70AC-A5DD-4247-A232-705A869D926A}.Debug|Win32.ActiveCfg = Debug|Win32
		{6A4E70AC-A5DD-4247-A232-705A869D926A}.Debug|Win32.Build.0 = Debug|Win32
		{6A4E70AC-A5DD-4247-A232-705A869D926A}.Debug|x64.ActiveCfg = Debug|Win32
		{6A4E70AC-A5DD-4247-A232-705A869D926A}.Release|Mixed Platforms.ActiveCfg = Release|Win32
		{6A4E70AC-A5DD-4247-A232-705A869D926A}.Release|Mixed Platforms.Build.0 = Release|Win32
		{6A4E70AC-A5DD-4247-A232-705A869D926A}.Release|Win32.ActiveCfg = Release|Win32
		{6A4E70AC-A5DD-4247-A232-705A869D926A}.Release|Win32.Build.0 = Release|Win32
		{6A4E70AC-A5DD-4247-A232-705A869D926A}.Release|x64.ActiveCfg = Release|Win32
		{E5D38F43-38FA-4EF3-BBAF-F24ADE271DB8}.Debug|Mixed Platforms.ActiveCfg = Debug|Win32
		{E5D38F43-38FA-4EF3-BBAF-F24ADE271DB8}.Debug|Mixed Platforms.Build.0 = Debug|Win32
		{E5D38F43-38FA-4EF3-BBAF-F24ADE271DB8}.Debug|Win32.ActiveCfg = Debug|Win32
		{E5D38F43-38FA-4EF3-BBAF-F24ADE271DB8}.Debug|Win32.Build.0 = Debug|Win32
		{E5D38F43-38FA-4EF3-BBAF-F24ADE271DB8}.Debug|x64.ActiveCfg = Debug|x64
		{E5D38F43-38FA-4EF3-BBAF-F24ADE271DB8}.Release|Mixed Platforms.ActiveCfg = Release|Win32
		{E5D38F43-38FA-4EF3-BBAF-F24ADE271DB8}.Release|Mixed Platforms.Build.0 = Release|Win32
		{E5D38F43-38FA-4EF3-BBAF-F24ADE271DB8}.Release|Win32.ActiveCfg = Release|Win32
		{E5D38F43-38FA-4EF3-BBAF-F24ADE271DB8}.Release|Win32.Build.0 = Release|Win32
		{E5D38F43-38FA-4EF3-BBAF-F24ADE271DB8}.Release|x64.ActiveCfg = Release|x64
		{3FA91C2D-B5D4-4A6E-9532-A0AD51FE205E}.Debug|Mixed Platforms.ActiveCfg = Debug|Win32
		{3FA91C2D-B5D4-4A6E-9532-A0AD51FE205E}.Debug|Mixed Platforms.Build.0 = Debug|Win32
		{3FA91C2D-B5D4-4A6E-9532-A0AD51FE205E}.Debug|Win32.ActiveCfg = Debug|Win32
		{3FA91C2D-B5D4-4A6E-9532-A0AD51FE205E}.Debug|Win32.Build.0 = Debug|Win32
		{3FA91C2D-B5D4-4A6E-9532-A0AD51FE205E}.Debug|x64.ActiveCfg = Debug|Win32
		{3FA91C2D-B5D4-4A6E-9532-A0AD51FE205E}.Release|Mixed Platforms.ActiveCfg = Release|Win32
		{3FA91C2D-B5D4-4A6E-9532-A0AD51FE205E}.Release|Mixed Platforms.Build.0 = Release|Win32
		{3FA91C2D-B5D4-4A6E-9532-A0AD51FE205E}.Release|Win32.ActiveCfg = Release|Win32
		{3FA91C2D-B5D4-4A6E-9532-A0AD51FE205E}.Release|Win32.Build.0 = Release|Win32
		{3FA91C2D-B5D4-4A6E-9532-A0AD51FE205E}.Release|x64.ActiveCfg = Release|Win32
		{A213BB66-FBF9-4453-BFFF-A6B373AA0958}.Debug|Mixed Platforms.ActiveCfg = Debug|Win32
		{A213BB66-FBF9-4453-BFFF-A6B373AA0958}.Debug|Mixed Platforms.Build.0 = Debug|Win32
		{A213BB66-FBF9-4453-BFFF-A6B373AA0958}.Debug|Win32.ActiveCfg = Debug|Win32
		{A213BB66-FBF9-4453-BFFF-A6B373AA0958}.Debug|Win32.Build.0 = Debug|Win32
		{A213BB66-FBF9-4453-BFFF-A6B373AA0958}.Debug|x64.ActiveCfg = Debug|x64
		{A213BB66-FBF9-4453-BFFF-A6B373AA0958}.Release|Mixed Platforms.ActiveCfg = Release|Win32
		{A213BB66-FBF9-4453-BFFF-A6B373AA0958}.Release|Mixed Platforms.Build.0 = Release|Win32
		{A213BB66-FBF9-4453-BFFF-A6B373AA0958}.Release|Win32.ActiveCfg = Release|Win32
		{A213BB66-FBF9-4453-BFFF-A6B373AA0958}.Release|Win32.Build.0 = Release|Win32
		{A213BB66-FBF9-4453-BFFF-A6B373AA0958}.Release|x64.ActiveCfg = Release|x64
		{DD9905E1-3B96-48AB-93DC-6B007F475361}.Debug|Mixed Platforms.ActiveCfg = Debug|Win32
		{DD9905E1-3B96-48AB-93DC-6B007F475361}.Debug|Mixed Platforms.Build.0 = Debug|Win32
		{DD9905E1-3B96-48AB-93DC-6B007F475361}.Debug|Win32.ActiveCfg = Debug|Win32
		{DD9905E1-3B96-48AB-93DC-6B007F475361}.Debug|Win32.Build.0 = Debug|Win32
		{DD9905E1-3B96-48AB-93DC-6B007F475361}.Debug|x64.ActiveCfg = Debug|Win32
		{DD9905E1-3B96-48AB-93DC-6B007F475361}.Release|Mixed Platforms.ActiveCfg = Release|Win32
		{DD9905E1-3B96-48AB-93DC-6B007F475361}.Release|Mixed Platforms.Build.0 = Release|Win32
		{DD9905E1-3B96-48AB-93DC-6B007F475361}.Release|Win32.ActiveCfg = Release|Win32
		{DD9905E1-3B96-48AB-93DC-6B007F475361}.Release|Win32.Build.0 = Release|Win32
		{DD9905E1-3B96-48AB-93DC-6B007F475361}.Release|x64.ActiveCfg = Release|Win32
		{31CFBFFB-9838-46CD-B404-27D0A90268E3}.Debug|Mixed Platforms.ActiveCfg = Debug|Win32
		{31CFBFFB-9838-46CD-B404-27D0A90268E3}.Debug|Mixed Platforms.Build.0 = Debug|Win32
		{31CFBFFB-9838-46CD-B404-27D0A90268E3}.Debug|Win32.ActiveCfg = Debug|Win32
		{31CFBFFB-9838-46CD-B404-27D0A90268E3}.Debug|Win32.Build.0 = Debug|Win32
		{31CFBFFB-9838-46CD-B404-27D0A90268E3}.Debug|x64.ActiveCfg = Debug|Win32
		{31CFBFFB-9838-46CD-B404-27D0A90268E3}.Release|Mixed Platforms.ActiveCfg = Release|Win32
		{31CFBFFB-9838-46CD-B404-27D0A90268E3}.Release|Mixed Platforms.Build.0 = Release|Win32
		{31CFBFFB-9838-46CD-B404-27D0A90268E3}.Release|Win32.ActiveCfg = Release|Win32
		{31CFBFFB-9838-46CD-B404-27D0A90268E3}.Release|Win32.Build.0 = Release|Win32
		{31CFBFFB-9838-46CD-B404-27D0A90268E3}.Release|x64.ActiveCfg = Release|Win32
		{BCA0EA6E-96BD-4562-998C-BA3DA9944D44}.Debug|Mixed Platforms.ActiveCfg = Debug|Win32
		{BCA0EA6E-96BD-4562-998C-BA3DA9944D44}.Debug|Mixed Platforms.Build.0 = Debug|Win32
		{BCA0EA6E-96BD-4562-998C-BA3DA9944D44}.Debug|Win32.ActiveCfg = Debug|Win32
		{BCA0EA6E-96BD-4562-998C-BA3DA9944D44}.Debug|Win32.Build.0 = Debug|Win32
		{BCA0EA6E-96BD-4562-998C-BA3DA9944D44}.Debug|x64.ActiveCfg = Debug|Win32
		{BCA0EA6E-96BD-4562-998C-BA3DA9944D44}.Release|Mixed Platforms.ActiveCfg = Release|Win32
		{BCA0EA6E-96BD-4562-998C-BA3DA9944D44}.Release|Mixed Platforms.Build.0 = Release|Win32
		{BCA0EA6E-96BD-4562-998C-BA3DA9944D44}.Release|Win32.ActiveCfg = Release|Win32
		{BCA0EA6E-96BD-4562-998C-BA3DA9944D44}.Release|Win32.Build.0 = Release|Win32
		{BCA0EA6E-96BD-4562-998C-BA3DA9944D44}.Release|x64.ActiveCfg = Release|Win32
		{2966D893-775F-469B-8544-C79042189C5C}.Debug|Mixed Platforms.ActiveCfg = Debug|Win32
		{2966D893-775F-469B-8544-C79042189C5C}.Debug|Mixed Platforms.Build.0 = Debug|Win32
		{2966D893-775F-469B-8544-C79042189C5C}.Debug|Win32.ActiveCfg = Debug|x64
		{2966D893-775F-469B-8544-C79042189C5C}.Debug|Win32.Build.0 = Debug|x64
		{2966D893-775F-469B-8544-C79042189C5C}.Debug|x64.ActiveCfg = Debug|x64
		{2966D893-775F-469B-8544-C79042189C5C}.Release|Mixed Platforms.ActiveCfg = Release|Win32
		{2966D893-775F-469B-8544-C79042189C5C}.Release|Mixed Platforms.Build.0 = Release|Win32
		{2966D893-775F-469B-8544-C79042189C5C}.Release|Win32.ActiveCfg = Release|x64
		{2966D893-775F-469B-8544-C79042189C5C}.Release|Win32.Build.0 = Release|x64
		{2966D893-775F-469B-8544-C79042189C5C}.Release|x64.ActiveCfg = Release|x64
		{720C103E-D954-4DB4-B921-66CA578A5E9C}.Debug|Mixed Platforms.ActiveCfg = Debug|Win32
		{720C103E-D954-4DB4-B921-66CA578A5E9C}.Debug|Mixed Platforms.Build.0 = Debug|Win32
		{720C103E-D954-4DB4-B921-66CA578A5E9C}.Debug|Win32.ActiveCfg = Debug|Win32
		{720C103E-D954-4DB4-B921-66CA578A5E9C}.Debug|Win32.Build.0 = Debug|Win32
		{720C103E-D954-4DB4-B921-66CA578A5E9C}.Debug|x64.ActiveCfg = Debug|Win32
		{720C103E-D954-4DB4-B921-66CA578A5E9C}.Release|Mixed Platforms.ActiveCfg = Release|Win32
		{720C103E-D954-4DB4-B921-66CA578A5E9C}.Release|Mixed Platforms.Build.0 = Release|Win32
		{720C103E-D954-4DB4-B921-66CA578A5E9C}.Release|Win32.ActiveCfg = Release|Win32
		{720C103E-D954-4DB4-B921-66CA578A5E9C}.Release|Win32.Build.0 = Release|Win32
		{720C103E-D954-4DB4-B921-66CA578A5E9C}.Release|x64.ActiveCfg = Release|Win32
		{4C73C2AB-9144-4E94-B496-0ECA276330AF}.Debug|Mixed Platforms.ActiveCfg = Debug|Win32
		{4C73C2AB-9144-4E94-B496-0ECA276330AF}.Debug|Mixed Platforms.Build.0 = Debug|Win32
		{4C73C2AB-9144-4E94-B496-0ECA276330AF}.Debug|Win32.ActiveCfg = Debug|Win32
		{4C73C2AB-9144-4E94-B496-0ECA276330AF}.Debug|Win32.Build.0 = Debug|Win32
		{4C73C2AB-9144-4E94-B496-0ECA276330AF}.Debug|x64.ActiveCfg = Debug|x64
		{4C73C2AB-9144-4E94-B496-0ECA276330AF}.Release|Mixed Platforms.ActiveCfg = Release|Win32
		{4C73C2AB-9144-4E94-B496-0ECA276330AF}.Release|Mixed Platforms.Build.0 = Release|Win32
		{4C73C2AB-9144-4E94-B496-0ECA276330AF}.Release|Win32.ActiveCfg = Release|Win32
		{4C73C2AB-9144-4E94-B496-0ECA276330AF}.Release|Win32.Build.0 = Release|Win32
		{4C73C2AB-9144-4E94-B496-0ECA276330AF}.Release|x64.ActiveCfg = Release|x64
		{AE44C716-E533-4EE7-9F95-A214B9947A25}.Debug|Mixed Platforms.ActiveCfg = Debug|Win32
		{AE44C716-E533-4EE7-9F95-A214B9947A25}.Debug|Mixed Platforms.Build.0 = Debug|Win32
		{AE44C716-E533-4EE7-9F95-A214B9947A25}.Debug|Win32.ActiveCfg = Debug|Win32
		{AE44C716-E533-4EE7-9F95-A214B9947A25}.Debug|Win32.Build.0 = Debug|Win32
		{AE44C716-E533-4EE7-9F95-A214B9947A25}.Debug|x64.ActiveCfg = Debug|x64
		{AE44C716-E533-4EE7-9F95-A214B9947A25}.Release|Mixed Platforms.ActiveCfg = Release|Win32
		{AE44C716-E533-4EE7-9F95-A214B9947A25}.Release|Mixed Platforms.Build.0 = Release|Win32
		{AE44C716-E533-4EE7-9F95-A214B9947A25}.Release|Win32.ActiveCfg = Release|Win32
		{AE44C716-E533-4EE7-9F95-A214B9947A25}.Release|Win32.Build.0 = Release|Win32
		{AE44C716-E533-4EE7-9F95-A214B9947A25}.Release|x64.ActiveCfg = Release|x64
		{6EB7FB5C-F021-4BCC-B1ED-34F7BE61D995}.Debug|Mixed Platforms.ActiveCfg = Debug|Win32
		{6EB7FB5C-F021-4BCC-B1ED-34F7BE61D995}.Debug|Mixed Platforms.Build.0 = Debug|Win32
		{6EB7FB5C-F021-4BCC-B1ED-34F7BE61D995}.Debug|Win32.ActiveCfg = Debug|Win32
		{6EB7FB5C-F021-4BCC-B1ED-34F7BE61D995}.Debug|Win32.Build.0 = Debug|Win32
		{6EB7FB5C-F021-4BCC-B1ED-34F7BE61D995}.Debug|x64.ActiveCfg = Debug|x64
		{6EB7FB5C-F021-4BCC-B1ED-34F7BE61D995}.Release|Mixed Platforms.ActiveCfg = Release|Win32
		{6EB7FB5C-F021-4BCC-B1ED-34F7BE61D995}.Release|Mixed Platforms.Build.0 = Release|Win32
		{6EB7FB5C-F021-4BCC-B1ED-34F7BE61D995}.Release|Win32.ActiveCfg = Release|Win32
		{6EB7FB5C-F021-4BCC-B1ED-34F7BE61D995}.Release|Win32.Build.0 = Release|Win32
		{6EB7FB5C-F021-4BCC-B1ED-34F7BE61D995}.Release|x64.ActiveCfg = Release|x64
		{C0D1981F-8199-4344-8235-6F4805DB42A8}.Debug|Mixed Platforms.ActiveCfg = Debug|Win32
		{C0D1981F-8199-4344-8235-6F4805DB42A8}.Debug|Mixed Platforms.Build.0 = Debug|Win32
		{C0D1981F-8199-4344-8235-6F4805DB42A8}.Debug|Win32.ActiveCfg = Debug|Win32
		{C0D1981F-8199-4344-8235-6F4805DB42A8}.Debug|Win32.Build.0 = Debug|Win32
		{C0D1981F-8199-4344-8235-6F4805DB42A8}.Debug|x64.ActiveCfg = Debug|Win32
		{C0D1981F-8199-4344-8235-6F4805DB42A8}.Release|Mixed Platforms.ActiveCfg = Release|Win32
		{C0D1981F-8199-4344-8235-6F4805DB42A8}.Release|Mixed Platforms.Build.0 = Release|Win32
		{C0D1981F-8199-4344-8235-6F4805DB42A8}.Release|Win32.ActiveCfg = Release|Win32
		{C0D1981F-8199-4344-8235-6F4805DB42A8}.Release|Win32.Build.0 = Release|Win32
		{C0D1981F-8199-4344-8235-6F4805DB42A8}.Release|x64.ActiveCfg = Release|Win32
		{3A168D24-F988-47CA-9360-D0B7739C1B47}.Debug|Mixed Platforms.ActiveCfg = Debug|Win32
		{3A168D24-F988-47CA-9360-D0B7739C1B47}.Debug|Mixed Platforms.Build.0 = Debug|Win32
		{3A168D24-F988-47CA-9360-D0B7739C1B47}.Debug|Win32.ActiveCfg = Debug|Win32
		{3A168D24-F988-47CA-9360-D0B7739C1B47}.Debug|Win32.Build.0 = Debug|Win32
		{3A168D24-F988-47CA-9360-D0B7739C1B47}.Debug|x64.ActiveCfg = Debug|Win32
		{3A168D24-F988-47CA-9360-D0B7739C1B47}.Release|Mixed Platforms.ActiveCfg = Release|Win32
		{3A168D24-F988-47CA-9360-D0B7739C1B47}.Release|Mixed Platforms.Build.0 = Release|Win32
		{3A168D24-F988-47CA-9360-D0B7739C1B47}.Release|Win32.ActiveCfg = Release|Win32
		{3A168D24-F988-47CA-9360-D0B7739C1B47}.Release|Win32.Build.0 = Release|Win32
		{3A168D24-F988-47CA-9360-D0B7739C1B47}.Release|x64.ActiveCfg = Release|Win32
		{1693BFF3-F6EA-46E1-B2B9-BF8122EFC4A0}.Debug|Mixed Platforms.ActiveCfg = Debug|Win32
		{1693BFF3-F6EA-46E1-B2B9-BF8122EFC4A0}.Debug|Mixed Platforms.Build.0 = Debug|Win32
		{1693BFF3-F6EA-46E1-B2B9-BF8122EFC4A0}.Debug|Win32.ActiveCfg = Debug|Win32
		{1693BFF3-F6EA-46E1-B2B9-BF8122EFC4A0}.Debug|Win32.Build.0 = Debug|Win32
		{1693BFF3-F6EA-46E1-B2B9-BF8122EFC4A0}.Debug|x64.ActiveCfg = Debug|x64
		{1693BFF3-F6EA-46E1-B2B9-BF8122EFC4A0}.Release|Mixed Platforms.ActiveCfg = Release|Win32
		{1693BFF3-F6EA-46E1-B2B9-BF8122EFC4A0}.Release|Mixed Platforms.Build.0 = Release|Win32
		{1693BFF3-F6EA-46E1-B2B9-BF8122EFC4A0}.Release|Win32.ActiveCfg = Release|Win32
		{1693BFF3-F6EA-46E1-B2B9-BF8122EFC4A0}.Release|Win32.Build.0 = Release|Win32
		{1693BFF3-F6EA-46E1-B2B9-BF8122EFC4A0}.Release|x64.ActiveCfg = Release|x64
		{B3A3DB0B-5A14-43AF-B750-CEF88DE4BC2F}.Debug|Mixed Platforms.ActiveCfg = Debug|Win32
		{B3A3DB0B-5A14-43AF-B750-CEF88DE4BC2F}.Debug|Mixed Platforms.Build.0 = Debug|Win32
		{B3A3DB0B-5A14-43AF-B750-CEF88DE4BC2F}.Debug|Win32.ActiveCfg = Debug|Win32
		{B3A3DB0B-5A14-43AF-B750-CEF88DE4BC2F}.Debug|Win32.Build.0 = Debug|Win32
		{B3A3DB0B-5A14-43AF-B750-CEF88DE4BC2F}.Debug|x64.ActiveCfg = Debug|Win32
		{B3A3DB0B-5A14-43AF-B750-CEF88DE4BC2F}.Release|Mixed Platforms.ActiveCfg = Release|Win32
		{B3A3DB0B-5A14-43AF-B750-CEF88DE4BC2F}.Release|Mixed Platforms.Build.0 = Release|Win32
		{B3A3DB0B-5A14-43AF-B750-CEF88DE4BC2F}.Release|Win32.ActiveCfg = Release|Win32
		{B3A3DB0B-5A14-43AF-B750-CEF88DE4BC2F}.Release|Win32.Build.0 = Release|Win32
		{B3A3DB0B-5A14-43AF-B750-CEF88DE4BC2F}.Release|x64.ActiveCfg = Release|Win32
		{EE9F4502-6672-48F7-9A4F-43271F3FDF0E}.Debug|Mixed Platforms.ActiveCfg = Debug|Win32
		{EE9F4502-6672-48F7-9A4F-43271F3FDF0E}.Debug|Mixed Platforms.Build.0 = Debug|Win32
		{EE9F4502-6672-48F7-9A4F-43271F3FDF0E}.Debug|Win32.ActiveCfg = Debug|Win32
		{EE9F4502-6672-48F7-9A4F-43271F3FDF0E}.Debug|Win32.Build.0 = Debug|Win32
		{EE9F4502-6672-48F7-9A4F-43271F3FDF0E}.Debug|x64.ActiveCfg = Debug|x64
		{EE9F4502-6672-48F7-9A4F-43271F3FDF0E}.Release|Mixed Platforms.ActiveCfg = Release|Win32
		{EE9F4502-6672-48F7-9A4F-43271F3FDF0E}.Release|Mixed Platforms.Build.0 = Release|Win32
		{EE9F4502-6672-48F7-9A4F-43271F3FDF0E}.Release|Win32.ActiveCfg = Release|Win32
		{EE9F4502-6672-48F7-9A4F-43271F3FDF0E}.Release|Win32.Build.0 = Release|Win32
		{EE9F4502-6672-48F7-9A4F-43271F3FDF0E}.Release|x64.ActiveCfg = Release|x64
		{FE86B343-C052-4059-9E3D-A70A362BBA2A}.Debug|Mixed Platforms.ActiveCfg = Debug|Win32
		{FE86B343-C052-4059-9E3D-A70A362BBA2A}.Debug|Mixed Platforms.Build.0 = Debug|Win32
		{FE86B343-C052-4059-9E3D-A70A362BBA2A}.Debug|Win32.ActiveCfg = Debug|Win32
		{FE86B343-C052-4059-9E3D-A70A362BBA2A}.Debug|Win32.Build.0 = Debug|Win32
		{FE86B343-C052-4059-9E3D-A70A362BBA2A}.Debug|x64.ActiveCfg = Debug|x64
		{FE86B343-C052-4059-9E3D-A70A362BBA2A}.Release|Mixed Platforms.ActiveCfg = Release|Win32
		{FE86B343-C052-4059-9E3D-A70A362BBA2A}.Release|Mixed Platforms.Build.0 = Release|Win32
		{FE86B343-C052-4059-9E3D-A70A362BBA2A}.Release|Win32.ActiveCfg = Release|Win32
		{FE86B343-C052-4059-9E3D-A70A362BBA2A}.Release|Win32.Build.0 = Release|Win32
		{FE86B343-C052-4059-9E3D-A70A362BBA2A}.Release|x64.ActiveCfg = Release|x64
		{3778F517-29F5-412F-91DF-1D568702A254}.Debug|Mixed Platforms.ActiveCfg = Debug|Win32
		{3778F517-29F5-412F-91DF-1D568702A254}.Debug|Mixed Platforms.Build.0 = Debug|Win32
		{3778F517-29F5-412F-91DF-1D568702A254}.Debug|Win32.ActiveCfg = Debug|Win32
		{3778F517-29F5-412F-91DF-1D568702A254}.Debug|Win32.Build.0 = Debug|Win32
		{3778F517-29F5-412F-91DF-1D568702A254}.Debug|x64.ActiveCfg = Debug|Win32
		{3778F517-29F5-412F-91DF-1D568702A254}.Release|Mixed Platforms.ActiveCfg = Release|Win32
		{3778F517-29F5-412F-91DF-1D568702A254}.Release|Mixed Platforms.Build.0 = Release|Win32
		{3778F517-29F5-412F-91DF-1D568702A254}.Release|Win32.ActiveCfg = Release|Win32
		{3778F517-29F5-412F-91DF-1D568702A254}.Release|Win32.Build.0 = Release|Win32
		{3778F517-29F5-412F-91DF-1D568702A254}.Release|x64.ActiveCfg = Release|Win32
		{15D77471-A7F9-44B6-8DC0-97E674E3289E}.Debug|Mixed Platforms.ActiveCfg = Debug|Win32
		{15D77471-A7F9-44B6-8DC0-97E674E3289E}.Debug|Mixed Platforms.Build.0 = Debug|Win32
		{15D77471-A7F9-44B6-8DC0-97E674E3289E}.Debug|Win32.ActiveCfg = Debug|Win32
		{15D77471-A7F9-44B6-8DC0-97E674E3289E}.Debug|Win32.Build.0 = Debug|Win32
		{15D77471-A7F9-44B6-8DC0-97E674E3289E}.Debug|x64.ActiveCfg = Debug|Win32
		{15D77471-A7F9-44B6-8DC0-97E674E3289E}.Release|Mixed Platforms.ActiveCfg = Release|Win32
		{15D77471-A7F9-44B6-8DC0-97E674E3289E}.Release|Mixed Platforms.Build.0 = Release|Win32
		{15D77471-A7F9-44B6-8DC0-97E674E3289E}.Release|Win32.ActiveCfg = Release|Win32
		{15D77471-A7F9-44B6-8DC0-97E674E3289E}.Release|Win32.Build.0 = Release|Win32
		{15D77471-A7F9-44B6-8DC0-97E674E3289E}.Release|x64.ActiveCfg = Release|Win32
		{4D500B89-1E4F-419D-A6BD-15366A9CC437}.Debug|Mixed Platforms.ActiveCfg = Debug|Win32
		{4D500B89-1E4F-419D-A6BD-15366A9CC437}.Debug|Mixed Platforms.Build.0 = Debug|Win32
		{4D500B89-1E4F-419D-A6BD-15366A9CC437}.Debug|Win32.ActiveCfg = Debug|Win32
		{4D500B89-1E4F-419D-A6BD-15366A9CC437}.Debug|Win32.Build.0 = Debug|Win32
		{4D500B89-1E4F-419D-A6BD-15366A9CC437}.Debug|x64.ActiveCfg = Debug|Win32
		{4D500B89-1E4F-419D-A6BD-15366A9CC437}.Release|Mixed Platforms.ActiveCfg = Release|Win32
		{4D500B89-1E4F-419D-A6BD-15366A9CC437}.Release|Mixed Platforms.Build.0 = Release|Win32
		{4D500B89-1E4F-419D-A6BD-15366A9CC437}.Release|Win32.ActiveCfg = Release|Win32
		{4D500B89-1E4F-419D-A6BD-15366A9CC437}.Release|Win32.Build.0 = Release|Win32
		{4D500B89-1E4F-419D-A6BD-15366A9CC437}.Release|x64.ActiveCfg = Release|Win32
		{3AEC5750-A677-4DE9-9C0F-5C8ADFAC7CE9}.Debug|Mixed Platforms.ActiveCfg = Debug|Win32
		{3AEC5750-A677-4DE9-9C0F-5C8ADFAC7CE9}.Debug|Mixed Platforms.Build.0 = Debug|Win32
		{3AEC5750-A677-4DE9-9C0F-5C8ADFAC7CE9}.Debug|Win32.ActiveCfg = Debug|Win32
		{3AEC5750-A677-4DE9-9C0F-5C8ADFAC7CE9}.Debug|Win32.Build.0 = Debug|Win32
		{3AEC5750-A677-4DE9-9C0F-5C8ADFAC7CE9}.Debug|x64.ActiveCfg = Debug|Win32
		{3AEC5750-A677-4DE9-9C0F-5C8ADFAC7CE9}.Release|Mixed Platforms.ActiveCfg = Release|Win32
		{3AEC5750-A677-4DE9-9C0F-5C8ADFAC7CE9}.Release|Mixed Platforms.Build.0 = Release|Win32
		{3AEC5750-A677-4DE9-9C0F-5C8ADFAC7CE9}.Release|Win32.ActiveCfg = Release|Win32
		{3AEC5750-A677-4DE9-9C0F-5C8ADFAC7CE9}.Release|Win32.Build.0 = Release|Win32
		{3AEC5750-A677-4DE9-9C0F-5C8ADFAC7CE9}.Release|x64.ActiveCfg = Release|Win32
		{D24904E7-3B6D-4BB1-B21E-456517C262DC}.Debug|Mixed Platforms.ActiveCfg = Debug|Win32
		{D24904E7-3B6D-4BB1-B21E-456517C262DC}.Debug|Mixed Platforms.Build.0 = Debug|Win32
		{D24904E7-3B6D-4BB1-B21E-456517C262DC}.Debug|Win32.ActiveCfg = Debug|Win32
		{D24904E7-3B6D-4BB1-B21E-456517C262DC}.Debug|Win32.Build.0 = Debug|Win32
		{D24904E7-3B6D-4BB1-B21E-456517C262DC}.Debug|x64.ActiveCfg = Debug|Win32
		{D24904E7-3B6D-4BB1-B21E-456517C262DC}.Release|Mixed Platforms.ActiveCfg = Release|Win32
		{D24904E7-3B6D-4BB1-B21E-456517C262DC}.Release|Mixed Platforms.Build.0 = Release|Win32
		{D24904E7-3B6D-4BB1-B21E-456517C262DC}.Release|Win32.ActiveCfg = Release|Win32
		{D24904E7-3B6D-4BB1-B21E-456517C262DC}.Release|Win32.Build.0 = Release|Win32
		{D24904E7-3B6D-4BB1-B21E-456517C262DC}.Release|x64.ActiveCfg = Release|Win32
		{FF30329D-1107-4C0A-86C9-5F8A377D4C1B}.Debug|Mixed Platforms.ActiveCfg = Debug|Win32
		{FF30329D-1107-4C0A-86C9-5F8A377D4C1B}.Debug|Mixed Platforms.Build.0 = Debug|Win32
		{FF30329D-1107-4C0A-86C9-5F8A377D4C1B}.Debug|Win32.ActiveCfg = Debug|Win32
		{FF30329D-1107-4C0A-86C9-5F8A377D4C1B}.Debug|Win32.Build.0 = Debug|Win32
		{FF30329D-1107-4C0A-86C9-5F8A377D4C1B}.Debug|x64.ActiveCfg = Debug|Win32
		{FF30329D-1107-4C0A-86C9-5F8A377D4C1B}.Release|Mixed Platforms.ActiveCfg = Release|Win32
		{FF30329D-1107-4C0A-86C9-5F8A377D4C1B}.Release|Mixed Platforms.Build.0 = Release|Win32
		{FF30329D-1107-4C0A-86C9-5F8A377D4C1B}.Release|Win32.ActiveCfg = Release|Win32
		{FF30329D-1107-4C0A-86C9-5F8A377D4C1B}.Release|Win32.Build.0 = Release|Win32
		{FF30329D-1107-4C0A-86C9-5F8A377D4C1B}.Release|x64.ActiveCfg = Release|Win32
		{7ADEBB9E-1903-4281-AFF8-6FE5505D147D}.Debug|Mixed Platforms.ActiveCfg = Debug|Win32
		{7ADEBB9E-1903-4281-AFF8-6FE5505D147D}.Debug|Mixed Platforms.Build.0 = Debug|Win32
		{7ADEBB9E-1903-4281-AFF8-6FE5505D147D}.Debug|Win32.ActiveCfg = Debug|Win32
		{7ADEBB9E-1903-4281-AFF8-6FE5505D147D}.Debug|Win32.Build.0 = Debug|Win32
		{7ADEBB9E-1903-4281-AFF8-6FE5505D147D}.Debug|x64.ActiveCfg = Debug|x64
		{7ADEBB9E-1903-4281-AFF8-6FE5505D147D}.Release|Mixed Platforms.ActiveCfg = Release|Win32
		{7ADEBB9E-1903-4281-AFF8-6FE5505D147D}.Release|Mixed Platforms.Build.0 = Release|Win32
		{7ADEBB9E-1903-4281-AFF8-6FE5505D147D}.Release|Win32.ActiveCfg = Release|Win32
		{7ADEBB9E-1903-4281-AFF8-6FE5505D147D}.Release|Win32.Build.0 = Release|Win32
		{7ADEBB9E-1903-4281-AFF8-6FE5505D147D}.Release|x64.ActiveCfg = Release|x64
		{EDCFB99E-279D-44E4-85C6-A1600549E3E2}.Debug|Mixed Platforms.ActiveCfg = Debug|Win32
		{EDCFB99E-279D-44E4-85C6-A1600549E3E2}.Debug|Mixed Platforms.Build.0 = Debug|Win32
		{EDCFB99E-279D-44E4-85C6-A1600549E3E2}.Debug|Win32.ActiveCfg = Debug|Win32
		{EDCFB99E-279D-44E4-85C6-A1600549E3E2}.Debug|Win32.Build.0 = Debug|Win32
		{EDCFB99E-279D-44E4-85C6-A1600549E3E2}.Debug|x64.ActiveCfg = Debug|Win32
		{EDCFB99E-279D-44E4-85C6-A1600549E3E2}.Release|Mixed Platforms.ActiveCfg = Release|Win32
		{EDCFB99E-279D-44E4-85C6-A1600549E3E2}.Release|Mixed Platforms.Build.0 = Release|Win32
		{EDCFB99E-279D-44E4-85C6-A1600549E3E2}.Release|Win32.ActiveCfg = Release|Win32
		{EDCFB99E-279D-44E4-85C6-A1600549E3E2}.Release|Win32.Build.0 = Release|Win32
		{EDCFB99E-279D-44E4-85C6-A1600549E3E2}.Release|x64.ActiveCfg = Release|Win32
		{C6DC0D53-1483-4FEC-80EA-0C22F9A4BCDC}.Debug|Mixed Platforms.ActiveCfg = Debug|Win32
		{C6DC0D53-1483-4FEC-80EA-0C22F9A4BCDC}.Debug|Mixed Platforms.Build.0 = Debug|Win32
		{C6DC0D53-1483-4FEC-80EA-0C22F9A4BCDC}.Debug|Win32.ActiveCfg = Debug|Win32
		{C6DC0D53-1483-4FEC-80EA-0C22F9A4BCDC}.Debug|Win32.Build.0 = Debug|Win32
		{C6DC0D53-1483-4FEC-80EA-0C22F9A4BCDC}.Debug|x64.ActiveCfg = Debug|Win32
		{C6DC0D53-1483-4FEC-80EA-0C22F9A4BCDC}.Release|Mixed Platforms.ActiveCfg = Release|Win32
		{C6DC0D53-1483-4FEC-80EA-0C22F9A4BCDC}.Release|Mixed Platforms.Build.0 = Release|Win32
		{C6DC0D53-1483-4FEC-80EA-0C22F9A4BCDC}.Release|Win32.ActiveCfg = Release|Win32
		{C6DC0D53-1483-4FEC-80EA-0C22F9A4BCDC}.Release|Win32.Build.0 = Release|Win32
		{C6DC0D53-1483-4FEC-80EA-0C22F9A4BCDC}.Release|x64.ActiveCfg = Release|Win32
		{5E51A0FD-FC85-40B7-AA4D-30C3F825C8E5}.Debug|Mixed Platforms.ActiveCfg = Debug|Win32
		{5E51A0FD-FC85-40B7-AA4D-30C3F825C8E5}.Debug|Mixed Platforms.Build.0 = Debug|Win32
		{5E51A0FD-FC85-40B7-AA4D-30C3F825C8E5}.Debug|Win32.ActiveCfg = Debug|Win32
		{5E51A0FD-FC85-40B7-AA4D-30C3F825C8E5}.Debug|Win32.Build.0 = Debug|Win32
		{5E51A0FD-FC85-40B7-AA4D-30C3F825C8E5}.Debug|x64.ActiveCfg = Debug|Win32
		{5E51A0FD-FC85-40B7-AA4D-30C3F825C8E5}.Release|Mixed Platforms.ActiveCfg = Release|Win32
		{5E51A0FD-FC85-40B7-AA4D-30C3F825C8E5}.Release|Mixed Platforms.Build.0 = Release|Win32
		{5E51A0FD-FC85-40B7-AA4D-30C3F825C8E5}.Release|Win32.ActiveCfg = Release|Win32
		{5E51A0FD-FC85-40B7-AA4D-30C3F825C8E5}.Release|Win32.Build.0 = Release|Win32
		{5E51A0FD-FC85-40B7-AA4D-30C3F825C8E5}.Release|x64.ActiveCfg = Release|Win32
		{4724411F-0915-403A-8CB1-B4ECC38398C5}.Debug|Mixed Platforms.ActiveCfg = Debug|Win32
		{4724411F-0915-403A-8CB1-B4ECC38398C5}.Debug|Mixed Platforms.Build.0 = Debug|Win32
		{4724411F-0915-403A-8CB1-B4ECC38398C5}.Debug|Win32.ActiveCfg = Debug|Win32
		{4724411F-0915-403A-8CB1-B4ECC38398C5}.Debug|Win32.Build.0 = Debug|Win32
		{4724411F-0915-403A-8CB1-B4ECC38398C5}.Debug|x64.ActiveCfg = Debug|x64
		{4724411F-0915-403A-8CB1-B4ECC38398C5}.Release|Mixed Platforms.ActiveCfg = Release|Win32
		{4724411F-0915-403A-8CB1-B4ECC38398C5}.Release|Mixed Platforms.Build.0 = Release|Win32
		{4724411F-0915-403A-8CB1-B4ECC38398C5}.Release|Win32.ActiveCfg = Release|Win32
		{4724411F-0915-403A-8CB1-B4ECC38398C5}.Release|Win32.Build.0 = Release|Win32
		{4724411F-0915-403A-8CB1-B4ECC38398C5}.Release|x64.ActiveCfg = Release|x64
		{968B1F84-E918-4FD1-AC89-B759613335CD}.Debug|Mixed Platforms.ActiveCfg = Debug|Win32
		{968B1F84-E918-4FD1-AC89-B759613335CD}.Debug|Mixed Platforms.Build.0 = Debug|Win32
		{968B1F84-E918-4FD1-AC89-B759613335CD}.Debug|Win32.ActiveCfg = Debug|Win32
		{968B1F84-E918-4FD1-AC89-B759613335CD}.Debug|Win32.Build.0 = Debug|Win32
		{968B1F84-E918-4FD1-AC89-B759613335CD}.Debug|x64.ActiveCfg = Debug|x64
		{968B1F84-E918-4FD1-AC89-B759613335CD}.Release|Mixed Platforms.ActiveCfg = Release|Win32
		{968B1F84-E918-4FD1-AC89-B759613335CD}.Release|Mixed Platforms.Build.0 = Release|Win32
		{968B1F84-E918-4FD1-AC89-B759613335CD}.Release|Win32.ActiveCfg = Release|Win32
		{968B1F84-E918-4FD1-AC89-B759613335CD}.Release|Win32.Build.0 = Release|Win32
		{968B1F84-E918-4FD1-AC89-B759613335CD}.Release|x64.ActiveCfg = Release|x64
		{5E0ACE7E-5046-4DDE-8F53-C7303280FF5D}.Debug|Mixed Platforms.ActiveCfg = Debug|Win32
		{5E0ACE7E-5046-4DDE-8F53-C7303280FF5D}.Debug|Mixed Platforms.Build.0 = Debug|Win32
		{5E0ACE7E-5046-4DDE-8F53-C7303280FF5D}.Debug|Win32.ActiveCfg = Debug|Win32
		{5E0ACE7E-5046-4DDE-8F53-C7303280FF5D}.Debug|Win32.Build.0 = Debug|Win32
		{5E0ACE7E-5046-4DDE-8F53-C7303280FF5D}.Debug|x64.ActiveCfg = Debug|Win32
		{5E0ACE7E-5046-4DDE-8F53-C7303280FF5D}.Release|Mixed Platforms.ActiveCfg = Release|Win32
		{5E0ACE7E-5046-4DDE-8F53-C7303280FF5D}.Release|Mixed Platforms.Build.0 = Release|Win32
		{5E0ACE7E-5046-4DDE-8F53-C7303280FF5D}.Release|Win32.ActiveCfg = Release|Win32
		{5E0ACE7E-5046-4DDE-8F53-C7303280FF5D}.Release|Win32.Build.0 = Release|Win32
		{5E0ACE7E-5046-4DDE-8F53-C7303280FF5D}.Release|x64.ActiveCfg = Release|Win32
		{44ED7DE7-9E6F-423F-BD4B-A5F3E67DE45C}.Debug|Mixed Platforms.ActiveCfg = Debug|Win32
		{44ED7DE7-9E6F-423F-BD4B-A5F3E67DE45C}.Debug|Mixed Platforms.Build.0 = Debug|Win32
		{44ED7DE7-9E6F-423F-BD4B-A5F3E67DE45C}.Debug|Win32.ActiveCfg = Debug|Win32
		{44ED7DE7-9E6F-423F-BD4B-A5F3E67DE45C}.Debug|Win32.Build.0 = Debug|Win32
		{44ED7DE7-9E6F-423F-BD4B-A5F3E67DE45C}.Debug|x64.ActiveCfg = Debug|Win32
		{44ED7DE7-9E6F-423F-BD4B-A5F3E67DE45C}.Release|Mixed Platforms.ActiveCfg = Release|Win32
		{44ED7DE7-9E6F-423F-BD4B-A5F3E67DE45C}.Release|Mixed Platforms.Build.0 = Release|Win32
		{44ED7DE7-9E6F-423F-BD4B-A5F3E67DE45C}.Release|Win32.ActiveCfg = Release|Win32
		{44ED7DE7-9E6F-423F-BD4B-A5F3E67DE45C}.Release|Win32.Build.0 = Release|Win32
		{44ED7DE7-9E6F-423F-BD4B-A5F3E67DE45C}.Release|x64.ActiveCfg = Release|Win32
		{7D81090F-1D63-4190-B12F-6735333F7477}.Debug|Mixed Platforms.ActiveCfg = Debug|Win32
		{7D81090F-1D63-4190-B12F-6735333F7477}.Debug|Mixed Platforms.Build.0 = Debug|Win32
		{7D81090F-1D63-4190-B12F-6735333F7477}.Debug|Win32.ActiveCfg = Debug|Win32
		{7D81090F-1D63-4190-B12F-6735333F7477}.Debug|Win32.Build.0 = Debug|Win32
		{7D81090F-1D63-4190-B12F-6735333F7477}.Debug|x64.ActiveCfg = Debug|Win32
		{7D81090F-1D63-4190-B12F-6735333F7477}.Release|Mixed Platforms.ActiveCfg = Release|Win32
		{7D81090F-1D63-4190-B12F-6735333F7477}.Release|Mixed Platforms.Build.0 = Release|Win32
		{7D81090F-1D63-4190-B12F-6735333F7477}.Release|Win32.ActiveCfg = Release|Win32
		{7D81090F-1D63-4190-B12F-6735333F7477}.Release|Win32.Build.0 = Release|Win32
		{7D81090F-1D63-4190-B12F-6735333F7477}.Release|x64.ActiveCfg = Release|Win32
		{149B5785-2C59-4BBE-B5F2-D4E517D3ED04}.Debug|Mixed Platforms.ActiveCfg = Debug|Win32
		{149B5785-2C59-4BBE-B5F2-D4E517D3ED04}.Debug|Mixed Platforms.Build.0 = Debug|Win32
		{149B5785-2C59-4BBE-B5F2-D4E517D3ED04}.Debug|Win32.ActiveCfg = Debug|Win32
		{149B5785-2C59-4BBE-B5F2-D4E517D3ED04}.Debug|Win32.Build.0 = Debug|Win32
		{149B5785-2C59-4BBE-B5F2-D4E517D3ED04}.Debug|x64.ActiveCfg = Debug|Win32
		{149B5785-2C59-4BBE-B5F2-D4E517D3ED04}.Release|Mixed Platforms.ActiveCfg = Release|Win32
		{149B5785-2C59-4BBE-B5F2-D4E517D3ED04}.Release|Mixed Platforms.Build.0 = Release|Win32
		{149B5785-2C59-4BBE-B5F2-D4E517D3ED04}.Release|Win32.ActiveCfg = Release|Win32
		{149B5785-2C59-4BBE-B5F2-D4E517D3ED04}.Release|Win32.Build.0 = Release|Win32
		{149B5785-2C59-4BBE-B5F2-D4E517D3ED04}.Release|x64.ActiveCfg = Release|Win32
		{0950C185-F489-422D-8466-D07806E58E4B}.Debug|Mixed Platforms.ActiveCfg = Debug|Win32
		{0950C185-F489-422D-8466-D07806E58E4B}.Debug|Mixed Platforms.Build.0 = Debug|Win32
		{0950C185-F489-422D-8466-D07806E58E4B}.Debug|Win32.ActiveCfg = Debug|Win32
		{0950C185-F489-422D-8466-D07806E58E4B}.Debug|Win32.Build.0 = Debug|Win32
		{0950C185-F489-422D-8466-D07806E58E4B}.Debug|x64.ActiveCfg = Debug|Win32
		{0950C185-F489-422D-8466-D07806E58E4B}.Release|Mixed Platforms.ActiveCfg = Release|Win32
		{0950C185-F489-422D-8466-D07806E58E4B}.Release|Mixed Platforms.Build.0 = Release|Win32
		{0950C185-F489-422D-8466-D07806E58E4B}.Release|Win32.ActiveCfg = Release|Win32
		{0950C185-F489-422D-8466-D07806E58E4B}.Release|Win32.Build.0 = Release|Win32
		{0950C185-F489-422D-8466-D07806E58E4B}.Release|x64.ActiveCfg = Release|Win32
		{854BBD2F-3AE0-46D2-AF40-5C3D24A7AAA3}.Debug|Mixed Platforms.ActiveCfg = Debug|Win32
		{854BBD2F-3AE0-46D2-AF40-5C3D24A7AAA3}.Debug|Mixed Platforms.Build.0 = Debug|Win32
		{854BBD2F-3AE0-46D2-AF40-5C3D24A7AAA3}.Debug|Win32.ActiveCfg = Debug|Win32
		{854BBD2F-3AE0-46D2-AF40-5C3D24A7AAA3}.Debug|Win32.Build.0 = Debug|Win32
		{854BBD2F-3AE0-46D2-AF40-5C3D24A7AAA3}.Debug|x64.ActiveCfg = Debug|x64
		{854BBD2F-3AE0-46D2-AF40-5C3D24A7AAA3}.Release|Mixed Platforms.ActiveCfg = Release|Win32
		{854BBD2F-3AE0-46D2-AF40-5C3D24A7AAA3}.Release|Mixed Platforms.Build.0 = Release|Win32
		{854BBD2F-3AE0-46D2-AF40-5C3D24A7AAA3}.Release|Win32.ActiveCfg = Release|Win32
		{854BBD2F-3AE0-46D2-AF40-5C3D24A7AAA3}.Release|Win32.Build.0 = Release|Win32
		{854BBD2F-3AE0-46D2-AF40-5C3D24A7AAA3}.Release|x64.ActiveCfg = Release|x64
		{DA11B949-609D-4C6F-A431-5210AA51F535}.Debug|Mixed Platforms.ActiveCfg = Debug|Win32
		{DA11B949-609D-4C6F-A431-5210AA51F535}.Debug|Mixed Platforms.Build.0 = Debug|Win32
		{DA11B949-609D-4C6F-A431-5210AA51F535}.Debug|Win32.ActiveCfg = Debug|Win32
		{DA11B949-609D-4C6F-A431-5210AA51F535}.Debug|Win32.Build.0 = Debug|Win32
		{DA11B949-609D-4C6F-A431-5210AA51F535}.Debug|x64.ActiveCfg = Debug|Win32
		{DA11B949-609D-4C6F-A431-5210AA51F535}.Release|Mixed Platforms.ActiveCfg = Release|Win32
		{DA11B949-609D-4C6F-A431-5210AA51F535}.Release|Mixed Platforms.Build.0 = Release|Win32
		{DA11B949-609D-4C6F-A431-5210AA51F535}.Release|Win32.ActiveCfg = Release|Win32
		{DA11B949-609D-4C6F-A431-5210AA51F535}.Release|Win32.Build.0 = Release|Win32
		{DA11B949-609D-4C6F-A431-5210AA51F535}.Release|x64.ActiveCfg = Release|Win32
		{0747E897-638C-45C9-BAA8-B6D17481AA84}.Debug|Mixed Platforms.ActiveCfg = Debug|Win32
		{0747E897-638C-45C9-BAA8-B6D17481AA84}.Debug|Mixed Platforms.Build.0 = Debug|Win32
		{0747E897-638C-45C9-BAA8-B6D17481AA84}.Debug|Win32.ActiveCfg = Debug|Win32
		{0747E897-638C-45C9-BAA8-B6D17481AA84}.Debug|Win32.Build.0 = Debug|Win32
		{0747E897-638C-45C9-BAA8-B6D17481AA84}.Debug|x64.ActiveCfg = Debug|x64
		{0747E897-638C-45C9-BAA8-B6D17481AA84}.Release|Mixed Platforms.ActiveCfg = Release|Win32
		{0747E897-638C-45C9-BAA8-B6D17481AA84}.Release|Mixed Platforms.Build.0 = Release|Win32
		{0747E897-638C-45C9-BAA8-B6D17481AA84}.Release|Win32.ActiveCfg = Release|Win32
		{0747E897-638C-45C9-BAA8-B6D17481AA84}.Release|Win32.Build.0 = Release|Win32
		{0747E897-638C-45C9-BAA8-B6D17481AA84}.Release|x64.ActiveCfg = Release|x64
		{107C228E-74A3-4F75-BD80-9984F0A83770}.Debug|Mixed Platforms.ActiveCfg = Debug|Win32
		{107C228E-74A3-4F75-BD80-9984F0A83770}.Debug|Mixed Platforms.Build.0 = Debug|Win32
		{107C228E-74A3-4F75-BD80-9984F0A83770}.Debug|Win32.ActiveCfg = Debug|Win32
		{107C228E-74A3-4F75-BD80-9984F0A83770}.Debug|Win32.Build.0 = Debug|Win32
		{107C228E-74A3-4F75-BD80-9984F0A83770}.Debug|x64.ActiveCfg = Debug|x64
		{107C228E-74A3-4F75-BD80-9984F0A83770}.Release|Mixed Platforms.ActiveCfg = Release|Win32
		{107C228E-74A3-4F75-BD80-9984F0A83770}.Release|Mixed Platforms.Build.0 = Release|Win32
		{107C228E-74A3-4F75-BD80-9984F0A83770}.Release|Win32.ActiveCfg = Release|Win32
		{107C228E-74A3-4F75-BD80-9984F0A83770}.Release|Win32.Build.0 = Release|Win32
		{107C228E-74A3-4F75-BD80-9984F0A83770}.Release|x64.ActiveCfg = Release|x64
		{3AE0C36C-507D-44E2-8987-4AD66287B0F8}.Debug|Mixed Platforms.ActiveCfg = Debug|Win32
		{3AE0C36C-507D-44E2-8987-4AD66287B0F8}.Debug|Mixed Platforms.Build.0 = Debug|Win32
		{3AE0C36C-507D-44E2-8987-4AD66287B0F8}.Debug|Win32.ActiveCfg = Debug|Win32
		{3AE0C36C-507D-44E2-8987-4AD66287B0F8}.Debug|Win32.Build.0 = Debug|Win32
		{3AE0C36C-507D-44E2-8987-4AD66287B0F8}.Debug|x64.ActiveCfg = Debug|Win32
		{3AE0C36C-507D-44E2-8987-4AD66287B0F8}.Release|Mixed Platforms.ActiveCfg = Release|Win32
		{3AE0C36C-507D-44E2-8987-4AD66287B0F8}.Release|Mixed Platforms.Build.0 = Release|Win32
		{3AE0C36C-507D-44E2-8987-4AD66287B0F8}.Release|Win32.ActiveCfg = Release|Win32
		{3AE0C36C-507D-44E2-8987-4AD66287B0F8}.Release|Win32.Build.0 = Release|Win32
		{3AE0C36C-507D-44E2-8987-4AD66287B0F8}.Release|x64.ActiveCfg = Release|Win32
		{09BF2FB6-B4C2-4E7D-9B1E-0CFCA48F0E73}.Debug|Mixed Platforms.ActiveCfg = Debug|Win32
		{09BF2FB6-B4C2-4E7D-9B1E-0CFCA48F0E73}.Debug|Mixed Platforms.Build.0 = Debug|Win32
		{09BF2FB6-B4C2-4E7D-9B1E-0CFCA48F0E73}.Debug|Win32.ActiveCfg = Debug|Win32
		{09BF2FB6-B4C2-4E7D-9B1E-0CFCA48F0E73}.Debug|Win32.Build.0 = Debug|Win32
		{09BF2FB6-B4C2-4E7D-9B1E-0CFCA48F0E73}.Debug|x64.ActiveCfg = Debug|Win32
		{09BF2FB6-B4C2-4E7D-9B1E-0CFCA48F0E73}.Release|Mixed Platforms.ActiveCfg = Release|Win32
		{09BF2FB6-B4C2-4E7D-9B1E-0CFCA48F0E73}.Release|Mixed Platforms.Build.0 = Release|Win32
		{09BF2FB6-B4C2-4E7D-9B1E-0CFCA48F0E73}.Release|Win32.ActiveCfg = Release|Win32
		{09BF2FB6-B4C2-4E7D-9B1E-0CFCA48F0E73}.Release|Win32.Build.0 = Release|Win32
		{09BF2FB6-B4C2-4E7D-9B1E-0CFCA48F0E73}.Release|x64.ActiveCfg = Release|Win32
		{04FD2B7A-EA0F-43B1-BBC7-91E4A5442EFC}.Debug|Mixed Platforms.ActiveCfg = Debug|Win32
		{04FD2B7A-EA0F-43B1-BBC7-91E4A5442EFC}.Debug|Mixed Platforms.Build.0 = Debug|Win32
		{04FD2B7A-EA0F-43B1-BBC7-91E4A5442EFC}.Debug|Win32.ActiveCfg = Debug|Win32
		{04FD2B7A-EA0F-43B1-BBC7-91E4A5442EFC}.Debug|Win32.Build.0 = Debug|Win32
		{04FD2B7A-EA0F-43B1-BBC7-91E4A5442EFC}.Debug|x64.ActiveCfg = Debug|x64
		{04FD2B7A-EA0F-43B1-BBC7-91E4A5442EFC}.Release|Mixed Platforms.ActiveCfg = Release|Win32
		{04FD2B7A-EA0F-43B1-BBC7-91E4A5442EFC}.Release|Mixed Platforms.Build.0 = Release|Win32
		{04FD2B7A-EA0F-43B1-BBC7-91E4A5442EFC}.Release|Win32.ActiveCfg = Release|Win32
		{04FD2B7A-EA0F-43B1-BBC7-91E4A5442EFC}.Release|Win32.Build.0 = Release|Win32
		{04FD2B7A-EA0F-43B1-BBC7-91E4A5442EFC}.Release|x64.ActiveCfg = Release|x64
		{486E892F-F10A-47E7-A7F1-304C67CE9252}.Debug|Mixed Platforms.ActiveCfg = Debug|Win32
		{486E892F-F10A-47E7-A7F1-304C67CE9252}.Debug|Mixed Platforms.Build.0 = Debug|Win32
		{486E892F-F10A-47E7-A7F1-304C67CE9252}.Debug|Win32.ActiveCfg = Debug|Win32
		{486E892F-F10A-47E7-A7F1-304C67CE9252}.Debug|Win32.Build.0 = Debug|Win32
		{486E892F-F10A-47E7-A7F1-304C67CE9252}.Debug|x64.ActiveCfg = Debug|Win32
		{486E892F-F10A-47E7-A7F1-304C67CE9252}.Release|Mixed Platforms.ActiveCfg = Release|Win32
		{486E892F-F10A-47E7-A7F1-304C67CE9252}.Release|Mixed Platforms.Build.0 = Release|Win32
		{486E892F-F10A-47E7-A7F1-304C67CE9252}.Release|Win32.ActiveCfg = Release|Win32
		{486E892F-F10A-47E7-A7F1-304C67CE9252}.Release|Win32.Build.0 = Release|Win32
		{486E892F-F10A-47E7-A7F1-304C67CE9252}.Release|x64.ActiveCfg = Release|Win32
		{DA284BD2-4643-4655-8040-C29D3FA6E8B7}.Debug|Mixed Platforms.ActiveCfg = Debug|Win32
		{DA284BD2-4643-4655-8040-C29D3FA6E8B7}.Debug|Mixed Platforms.Build.0 = Debug|Win32
		{DA284BD2-4643-4655-8040-C29D3FA6E8B7}.Debug|Win32.ActiveCfg = Debug|Win32
		{DA284BD2-4643-4655-8040-C29D3FA6E8B7}.Debug|Win32.Build.0 = Debug|Win32
		{DA284BD2-4643-4655-8040-C29D3FA6E8B7}.Debug|x64.ActiveCfg = Debug|Win32
		{DA284BD2-4643-4655-8040-C29D3FA6E8B7}.Release|Mixed Platforms.ActiveCfg = Release|Win32
		{DA284BD2-4643-4655-8040-C29D3FA6E8B7}.Release|Mixed Platforms.Build.0 = Release|Win32
		{DA284BD2-4643-4655-8040-C29D3FA6E8B7}.Release|Win32.ActiveCfg = Release|Win32
		{DA284BD2-4643-4655-8040-C29D3FA6E8B7}.Release|Win32.Build.0 = Release|Win32
		{DA284BD2-4643-4655-8040-C29D3FA6E8B7}.Release|x64.ActiveCfg = Release|Win32
		{AE912422-4990-4156-B08E-5F6DE93FA3E7}.Debug|Mixed Platforms.ActiveCfg = Debug|Win32
		{AE912422-4990-4156-B08E-5F6DE93FA3E7}.Debug|Mixed Platforms.Build.0 = Debug|Win32
		{AE912422-4990-4156-B08E-5F6DE93FA3E7}.Debug|Win32.ActiveCfg = Debug|Win32
		{AE912422-4990-4156-B08E-5F6DE93FA3E7}.Debug|Win32.Build.0 = Debug|Win32
		{AE912422-4990-4156-B08E-5F6DE93FA3E7}.Debug|x64.ActiveCfg = Debug|x64
		{AE912422-4990-4156-B08E-5F6DE93FA3E7}.Release|Mixed Platforms.ActiveCfg = Release|Win32
		{AE912422-4990-4156-B08E-5F6DE93FA3E7}.Release|Mixed Platforms.Build.0 = Release|Win32
		{AE912422-4990-4156-B08E-5F6DE93FA3E7}.Release|Win32.ActiveCfg = Release|Win32
		{AE912422-4990-4156-B08E-5F6DE93FA3E7}.Release|Win32.Build.0 = Release|Win32
		{AE912422-4990-4156-B08E-5F6DE93FA3E7}.Release|x64.ActiveCfg = Release|x64
		{B09B4B82-C450-4D68-A861-D2D42EE0FA02}.Debug|Mixed Platforms.ActiveCfg = Debug|Win32
		{B09B4B82-C450-4D68-A861-D2D42EE0FA02}.Debug|Mixed Platforms.Build.0 = Debug|Win32
		{B09B4B82-C450-4D68-A861-D2D42EE0FA02}.Debug|Win32.ActiveCfg = Debug|Win32
		{B09B4B82-C450-4D68-A861-D2D42EE0FA02}.Debug|Win32.Build.0 = Debug|Win32
		{B09B4B82-C450-4D68-A861-D2D42EE0FA02}.Debug|x64.ActiveCfg = Debug|Win32
		{B09B4B82-C450-4D68-A861-D2D42EE0FA02}.Release|Mixed Platforms.ActiveCfg = Release|Win32
		{B09B4B82-C450-4D68-A861-D2D42EE0FA02}.Release|Mixed Platforms.Build.0 = Release|Win32
		{B09B4B82-C450-4D68-A861-D2D42EE0FA02}.Release|Win32.ActiveCfg = Release|Win32
		{B09B4B82-C450-4D68-A861-D2D42EE0FA02}.Release|Win32.Build.0 = Release|Win32
		{B09B4B82-C450-4D68-A861-D2D42EE0FA02}.Release|x64.ActiveCfg = Release|Win32
		{542032F4-1D36-4B06-9C51-DAF588927648}.Debug|Mixed Platforms.ActiveCfg = Debug|Win32
		{542032F4-1D36-4B06-9C51-DAF588927648}.Debug|Mixed Platforms.Build.0 = Debug|Win32
		{542032F4-1D36-4B06-9C51-DAF588927648}.Debug|Win32.ActiveCfg = Debug|Win32
		{542032F4-1D36-4B06-9C51-DAF588927648}.Debug|Win32.Build.0 = Debug|Win32
		{542032F4-1D36-4B06-9C51-DAF588927648}.Debug|x64.ActiveCfg = Debug|Win32
		{542032F4-1D36-4B06-9C51-DAF588927648}.Release|Mixed Platforms.ActiveCfg = Release|Win32
		{542032F4-1D36-4B06-9C51-DAF588927648}.Release|Mixed Platforms.Build.0 = Release|Win32
		{542032F4-1D36-4B06-9C51-DAF588927648}.Release|Win32.ActiveCfg = Release|Win32
		{542032F4-1D36-4B06-9C51-DAF588927648}.Release|Win32.Build.0 = Release|Win32
		{542032F4-1D36-4B06-9C51-DAF588927648}.Release|x64.ActiveCfg = Release|Win32
		{E35561F0-14E1-4CE4-BFBC-718A0502EBD2}.Debug|Mixed Platforms.ActiveCfg = Debug|Win32
		{E35561F0-14E1-4CE4-BFBC-718A0502EBD2}.Debug|Mixed Platforms.Build.0 = Debug|Win32
		{E35561F0-14E1-4CE4-BFBC-718A0502EBD2}.Debug|Win32.ActiveCfg = Debug|Win32
		{E35561F0-14E1-4CE4-BFBC-718A0502EBD2}.Debug|Win32.Build.0 = Debug|Win32
		{E35561F0-14E1-4CE4-BFBC-718A0502EBD2}.Debug|x64.ActiveCfg = Debug|Win32
		{E35561F0-14E1-4CE4-BFBC-718A0502EBD2}.Release|Mixed Platforms.ActiveCfg = Release|Win32
		{E35561F0-14E1-4CE4-BFBC-718A0502EBD2}.Release|Mixed Platforms.Build.0 = Release|Win32
		{E35561F0-14E1-4CE4-BFBC-718A0502EBD2}.Release|Win32.ActiveCfg = Release|Win32
		{E35561F0-14E1-4CE4-BFBC-718A0502EBD2}.Release|Win32.Build.0 = Release|Win32
		{E35561F0-14E1-4CE4-BFBC-718A0502EBD2}.Release|x64.ActiveCfg = Release|Win32
		{CFBCFCEC-4F30-447A-876B-2D4F716B3128}.Debug|Mixed Platforms.ActiveCfg = Debug|Win32
		{CFBCFCEC-4F30-447A-876B-2D4F716B3128}.Debug|Mixed Platforms.Build.0 = Debug|Win32
		{CFBCFCEC-4F30-447A-876B-2D4F716B3128}.Debug|Win32.ActiveCfg = Debug|Win32
		{CFBCFCEC-4F30-447A-876B-2D4F716B3128}.Debug|Win32.Build.0 = Debug|Win32
		{CFBCFCEC-4F30-447A-876B-2D4F716B3128}.Debug|x64.ActiveCfg = Debug|Win32
		{CFBCFCEC-4F30-447A-876B-2D4F716B3128}.Release|Mixed Platforms.ActiveCfg = Release|Win32
		{CFBCFCEC-4F30-447A-876B-2D4F716B3128}.Release|Mixed Platforms.Build.0 = Release|Win32
		{CFBCFCEC-4F30-447A-876B-2D4F716B3128}.Release|Win32.ActiveCfg = Release|Win32
		{CFBCFCEC-4F30-447A-876B-2D4F716B3128}.Release|Win32.Build.0 = Release|Win32
		{CFBCFCEC-4F30-447A-876B-2D4F716B3128}.Release|x64.ActiveCfg = Release|Win32
		{C9844CE7-A89F-4431-8ACD-2676EA2C3FF1}.Debug|Mixed Platforms.ActiveCfg = Debug|Win32
		{C9844CE7-A89F-4431-8ACD-2676EA2C3FF1}.Debug|Mixed Platforms.Build.0 = Debug|Win32
		{C9844CE7-A89F-4431-8ACD-2676EA2C3FF1}.Debug|Win32.ActiveCfg = Debug|Win32
		{C9844CE7-A89F-4431-8ACD-2676EA2C3FF1}.Debug|Win32.Build.0 = Debug|Win32
		{C9844CE7-A89F-4431-8ACD-2676EA2C3FF1}.Debug|x64.ActiveCfg = Debug|Win32
		{C9844CE7-A89F-4431-8ACD-2676EA2C3FF1}.Release|Mixed Platforms.ActiveCfg = Release|Win32
		{C9844CE7-A89F-4431-8ACD-2676EA2C3FF1}.Release|Mixed Platforms.Build.0 = Release|Win32
		{C9844CE7-A89F-4431-8ACD-2676EA2C3FF1}.Release|Win32.ActiveCfg = Release|Win32
		{C9844CE7-A89F-4431-8ACD-2676EA2C3FF1}.Release|Win32.Build.0 = Release|Win32
		{C9844CE7-A89F-4431-8ACD-2676EA2C3FF1}.Release|x64.ActiveCfg = Release|Win32
		{BA6D4426-A085-4868-BE3F-0B8B940FDD75}.Debug|Mixed Platforms.ActiveCfg = Debug|Win32
		{BA6D4426-A085-4868-BE3F-0B8B940FDD75}.Debug|Mixed Platforms.Build.0 = Debug|Win32
		{BA6D4426-A085-4868-BE3F-0B8B940FDD75}.Debug|Win32.ActiveCfg = Debug|Win32
		{BA6D4426-A085-4868-BE3F-0B8B940FDD75}.Debug|Win32.Build.0 = Debug|Win32
		{BA6D4426-A085-4868-BE3F-0B8B940FDD75}.Debug|x64.ActiveCfg = Debug|Win32
		{BA6D4426-A085-4868-BE3F-0B8B940FDD75}.Release|Mixed Platforms.ActiveCfg = Release|Win32
		{BA6D4426-A085-4868-BE3F-0B8B940FDD75}.Release|Mixed Platforms.Build.0 = Release|Win32
		{BA6D4426-A085-4868-BE3F-0B8B940FDD75}.Release|Win32.ActiveCfg = Release|Win32
		{BA6D4426-A085-4868-BE3F-0B8B940FDD75}.Release|Win32.Build.0 = Release|Win32
		{BA6D4426-A085-4868-BE3F-0B8B940FDD75}.Release|x64.ActiveCfg = Release|Win32
		{88F3183F-2636-4699-B36D-47EE4494796B}.Debug|Mixed Platforms.ActiveCfg = Debug|Win32
		{88F3183F-2636-4699-B36D-47EE4494796B}.Debug|Mixed Platforms.Build.0 = Debug|Win32
		{88F3183F-2636-4699-B36D-47EE4494796B}.Debug|Win32.ActiveCfg = Debug|Win32
		{88F3183F-2636-4699-B36D-47EE4494796B}.Debug|Win32.Build.0 = Debug|Win32
		{88F3183F-2636-4699-B36D-47EE4494796B}.Debug|x64.ActiveCfg = Debug|Win32
		{88F3183F-2636-4699-B36D-47EE4494796B}.Release|Mixed Platforms.ActiveCfg = Release|Win32
		{88F3183F-2636-4699-B36D-47EE4494796B}.Release|Mixed Platforms.Build.0 = Release|Win32
		{88F3183F-2636-4699-B36D-47EE4494796B}.Release|Win32.ActiveCfg = Release|Win32
		{88F3183F-2636-4699-B36D-47EE4494796B}.Release|Win32.Build.0 = Release|Win32
		{88F3183F-2636-4699-B36D-47EE4494796B}.Release|x64.ActiveCfg = Release|Win32
	EndGlobalSection
	GlobalSection(SolutionProperties) = preSolution
		HideSolutionNode = FALSE
	EndGlobalSection
EndGlobal
